// !$*UTF8*$!
{
	archiveVersion = 1;
	classes = {
	};
	objectVersion = 56;
	objects = {

/* Begin PBXBuildFile section */
		7000A05B2A68DE9000AA442F /* AppDelegate.swift in Sources */ = {isa = PBXBuildFile; fileRef = 7000A05A2A68DE9000AA442F /* AppDelegate.swift */; };
		7000A05D2A68DE9000AA442F /* SceneDelegate.swift in Sources */ = {isa = PBXBuildFile; fileRef = 7000A05C2A68DE9000AA442F /* SceneDelegate.swift */; };
		7000A05F2A68DE9000AA442F /* ViewController.swift in Sources */ = {isa = PBXBuildFile; fileRef = 7000A05E2A68DE9000AA442F /* ViewController.swift */; };
		7000A0622A68DE9000AA442F /* Main.storyboard in Resources */ = {isa = PBXBuildFile; fileRef = 7000A0602A68DE9000AA442F /* Main.storyboard */; };
		7000A0642A68DE9100AA442F /* Assets.xcassets in Resources */ = {isa = PBXBuildFile; fileRef = 7000A0632A68DE9100AA442F /* Assets.xcassets */; };
		7000A0672A68DE9100AA442F /* LaunchScreen.storyboard in Resources */ = {isa = PBXBuildFile; fileRef = 7000A0652A68DE9100AA442F /* LaunchScreen.storyboard */; };
		7000A0702A68DF0000AA442F /* AppDIContainer.swift in Sources */ = {isa = PBXBuildFile; fileRef = 7000A06F2A68DF0000AA442F /* AppDIContainer.swift */; };
		7000A0722A68DF1200AA442F /* AppConfiguration.swift in Sources */ = {isa = PBXBuildFile; fileRef = 7000A0712A68DF1200AA442F /* AppConfiguration.swift */; };
		7000A0742A68DF2300AA442F /* AppFlowCoordinator.swift in Sources */ = {isa = PBXBuildFile; fileRef = 7000A0732A68DF2300AA442F /* AppFlowCoordinator.swift */; };
		705B83E32A68E24500B30CBC /* DataTransferService.swift in Sources */ = {isa = PBXBuildFile; fileRef = 705B83E22A68E24500B30CBC /* DataTransferService.swift */; };
		705B83E52A68E26000B30CBC /* NetworkService.swift in Sources */ = {isa = PBXBuildFile; fileRef = 705B83E42A68E26000B30CBC /* NetworkService.swift */; };
		705B83E72A68E2A700B30CBC /* Endpoint.swift in Sources */ = {isa = PBXBuildFile; fileRef = 705B83E62A68E2A700B30CBC /* Endpoint.swift */; };
		705B83E92A68E2CA00B30CBC /* NetworkConfig.swift in Sources */ = {isa = PBXBuildFile; fileRef = 705B83E82A68E2CA00B30CBC /* NetworkConfig.swift */; };
		705B83ED2A68E34100B30CBC /* TrendingRepositoriesFeatureDIContainer.swift in Sources */ = {isa = PBXBuildFile; fileRef = 705B83EC2A68E34100B30CBC /* TrendingRepositoriesFeatureDIContainer.swift */; };
		705B83F02A68E53600B30CBC /* TrendingRepositoriesListViewModel.swift in Sources */ = {isa = PBXBuildFile; fileRef = 705B83EF2A68E53600B30CBC /* TrendingRepositoriesListViewModel.swift */; };
		705B83F32A68E59500B30CBC /* TrendingRepositoriesListItemViewModel.swift in Sources */ = {isa = PBXBuildFile; fileRef = 705B83F22A68E59500B30CBC /* TrendingRepositoriesListItemViewModel.swift */; };
		705B83F62A68E5D700B30CBC /* TrendingRepositoriesListContentViewModel.swift in Sources */ = {isa = PBXBuildFile; fileRef = 705B83F52A68E5D700B30CBC /* TrendingRepositoriesListContentViewModel.swift */; };
		705B83F92A68E68E00B30CBC /* TrendingRepositoriesListViewController.swift in Sources */ = {isa = PBXBuildFile; fileRef = 705B83F82A68E68E00B30CBC /* TrendingRepositoriesListViewController.swift */; };
		705B83FD2A68E6BE00B30CBC /* TrendingRepositoryListItemCell.swift in Sources */ = {isa = PBXBuildFile; fileRef = 705B83FC2A68E6BE00B30CBC /* TrendingRepositoryListItemCell.swift */; };
		705B83FF2A68E6DB00B30CBC /* TrendingRepositoryListLoadingItemCell.swift in Sources */ = {isa = PBXBuildFile; fileRef = 705B83FE2A68E6DB00B30CBC /* TrendingRepositoryListLoadingItemCell.swift */; };
		705B84012A68E6EB00B30CBC /* TrendingRepositoryListEmptyItemCell.swift in Sources */ = {isa = PBXBuildFile; fileRef = 705B84002A68E6EB00B30CBC /* TrendingRepositoryListEmptyItemCell.swift */; };
		705B84032A68E70200B30CBC /* TrendingRepositoriesListTableViewController.swift in Sources */ = {isa = PBXBuildFile; fileRef = 705B84022A68E70200B30CBC /* TrendingRepositoriesListTableViewController.swift */; };
		705B84062A68E87800B30CBC /* TrendingRepositoriesFlowCoordinator.swift in Sources */ = {isa = PBXBuildFile; fileRef = 705B84052A68E87800B30CBC /* TrendingRepositoriesFlowCoordinator.swift */; };
		705B84082A68E89700B30CBC /* Localizations+TrendingRepositoriesFeature.swift in Sources */ = {isa = PBXBuildFile; fileRef = 705B84072A68E89700B30CBC /* Localizations+TrendingRepositoriesFeature.swift */; };
		705B840A2A68E8AB00B30CBC /* Images+TrendingRepositoriesFeature.swift in Sources */ = {isa = PBXBuildFile; fileRef = 705B84092A68E8AB00B30CBC /* Images+TrendingRepositoriesFeature.swift */; };
		705B840E2A68E9A000B30CBC /* Error+UIError.swift in Sources */ = {isa = PBXBuildFile; fileRef = 705B840D2A68E9A000B30CBC /* Error+UIError.swift */; };
		705B84102A68EA3C00B30CBC /* UIViewController+AddChild.swift in Sources */ = {isa = PBXBuildFile; fileRef = 705B840F2A68EA3C00B30CBC /* UIViewController+AddChild.swift */; };
		705B84122A68EA4E00B30CBC /* UITableView+DequeueReusableCell.swift in Sources */ = {isa = PBXBuildFile; fileRef = 705B84112A68EA4E00B30CBC /* UITableView+DequeueReusableCell.swift */; };
		705B84142A68EAB300B30CBC /* Observable.swift in Sources */ = {isa = PBXBuildFile; fileRef = 705B84132A68EAB300B30CBC /* Observable.swift */; };
		705B84162A68EAC400B30CBC /* SkeletonLoadable.swift in Sources */ = {isa = PBXBuildFile; fileRef = 705B84152A68EAC400B30CBC /* SkeletonLoadable.swift */; };
		705B841A2A68F01200B30CBC /* FetchTrendingRepositoriesUseCase.swift in Sources */ = {isa = PBXBuildFile; fileRef = 705B84192A68F01200B30CBC /* FetchTrendingRepositoriesUseCase.swift */; };
		705B841D2A68F08F00B30CBC /* Owner.swift in Sources */ = {isa = PBXBuildFile; fileRef = 705B841C2A68F08F00B30CBC /* Owner.swift */; };
		705B841F2A68F0A000B30CBC /* Repository.swift in Sources */ = {isa = PBXBuildFile; fileRef = 705B841E2A68F0A000B30CBC /* Repository.swift */; };
		705B84212A68F0B900B30CBC /* TrendingRepositoriesPage.swift in Sources */ = {isa = PBXBuildFile; fileRef = 705B84202A68F0B900B30CBC /* TrendingRepositoriesPage.swift */; };
		705B84252A68F0F500B30CBC /* TrendingRepositoriesRepository.swift in Sources */ = {isa = PBXBuildFile; fileRef = 705B84242A68F0F500B30CBC /* TrendingRepositoriesRepository.swift */; };
		705B84272A68F10A00B30CBC /* ImagesRepository.swift in Sources */ = {isa = PBXBuildFile; fileRef = 705B84262A68F10A00B30CBC /* ImagesRepository.swift */; };
		705B842D2A68F2F200B30CBC /* APIEndpoints.swift in Sources */ = {isa = PBXBuildFile; fileRef = 705B842C2A68F2F200B30CBC /* APIEndpoints.swift */; };
		705B84322A68F3E800B30CBC /* TrendingRepositoriesRequestQuery.swift in Sources */ = {isa = PBXBuildFile; fileRef = 705B84312A68F3E800B30CBC /* TrendingRepositoriesRequestQuery.swift */; };
		705B84342A68F3FB00B30CBC /* ImagesRequestQuery.swift in Sources */ = {isa = PBXBuildFile; fileRef = 705B84332A68F3FB00B30CBC /* ImagesRequestQuery.swift */; };
		705B84372A68F42D00B30CBC /* OwnerDto+Mapping.swift in Sources */ = {isa = PBXBuildFile; fileRef = 705B84362A68F42D00B30CBC /* OwnerDto+Mapping.swift */; };
		705B84392A68F44000B30CBC /* OwnerDto.swift in Sources */ = {isa = PBXBuildFile; fileRef = 705B84382A68F43F00B30CBC /* OwnerDto.swift */; };
		705B843B2A68F45500B30CBC /* Repository+Mapping.swift in Sources */ = {isa = PBXBuildFile; fileRef = 705B843A2A68F45500B30CBC /* Repository+Mapping.swift */; };
		705B843D2A68F46C00B30CBC /* RepositoryDto.swift in Sources */ = {isa = PBXBuildFile; fileRef = 705B843C2A68F46C00B30CBC /* RepositoryDto.swift */; };
		705B843F2A68F47D00B30CBC /* TrendingRepositoriesPageDto.swift in Sources */ = {isa = PBXBuildFile; fileRef = 705B843E2A68F47D00B30CBC /* TrendingRepositoriesPageDto.swift */; };
		705B84412A68F49000B30CBC /* TrendingRepositoriesPageDto+Mapping.swift in Sources */ = {isa = PBXBuildFile; fileRef = 705B84402A68F49000B30CBC /* TrendingRepositoriesPageDto+Mapping.swift */; };
		705B84442A68F4CB00B30CBC /* DefaultTrendingRepositoriesRepository.swift in Sources */ = {isa = PBXBuildFile; fileRef = 705B84432A68F4CB00B30CBC /* DefaultTrendingRepositoriesRepository.swift */; };
		705B84492A691FA200B30CBC /* OwnerEntity+Mapping.swift in Sources */ = {isa = PBXBuildFile; fileRef = 705B84482A691FA200B30CBC /* OwnerEntity+Mapping.swift */; };
		705B844B2A691FB700B30CBC /* RepositoryEntity+Mapping.swift in Sources */ = {isa = PBXBuildFile; fileRef = 705B844A2A691FB700B30CBC /* RepositoryEntity+Mapping.swift */; };
		705B844D2A691FCA00B30CBC /* TrendingRepositoriesPageEntity+Mapping.swift in Sources */ = {isa = PBXBuildFile; fileRef = 705B844C2A691FCA00B30CBC /* TrendingRepositoriesPageEntity+Mapping.swift */; };
		705B844F2A691FDD00B30CBC /* TrendingRepositoriesStorage.swift in Sources */ = {isa = PBXBuildFile; fileRef = 705B844E2A691FDD00B30CBC /* TrendingRepositoriesStorage.swift */; };
		705B84512A691FF100B30CBC /* CoreDataTrendingRepositoriesStorage.swift in Sources */ = {isa = PBXBuildFile; fileRef = 705B84502A691FF100B30CBC /* CoreDataTrendingRepositoriesStorage.swift */; };
		705B84542A69202700B30CBC /* ImagesStorage.swift in Sources */ = {isa = PBXBuildFile; fileRef = 705B84532A69202700B30CBC /* ImagesStorage.swift */; };
		705B84562A69203A00B30CBC /* CoreDataImagesStorage.swift in Sources */ = {isa = PBXBuildFile; fileRef = 705B84552A69203900B30CBC /* CoreDataImagesStorage.swift */; };
		705B84592A69206000B30CBC /* CoreDataStorage.swift in Sources */ = {isa = PBXBuildFile; fileRef = 705B84582A69206000B30CBC /* CoreDataStorage.swift */; };
		705B845C2A69208700B30CBC /* CoreDataStorage.xcdatamodeld in Sources */ = {isa = PBXBuildFile; fileRef = 705B845A2A69208700B30CBC /* CoreDataStorage.xcdatamodeld */; };
		705B845F2A6920AE00B30CBC /* DispatchQueueType.swift in Sources */ = {isa = PBXBuildFile; fileRef = 705B845E2A6920AE00B30CBC /* DispatchQueueType.swift */; };
		705B84612A6920BF00B30CBC /* Cancellable.swift in Sources */ = {isa = PBXBuildFile; fileRef = 705B84602A6920BF00B30CBC /* Cancellable.swift */; };
		705B84632A69218B00B30CBC /* DefaultImagesRepository.swift in Sources */ = {isa = PBXBuildFile; fileRef = 705B84622A69218B00B30CBC /* DefaultImagesRepository.swift */; };
		705B84662A6921BA00B30CBC /* RepositoryTask.swift in Sources */ = {isa = PBXBuildFile; fileRef = 705B84652A6921BA00B30CBC /* RepositoryTask.swift */; };
		70CC32182A6E7576002282AE /* SnapKit in Frameworks */ = {isa = PBXBuildFile; productRef = 70CC32172A6E7576002282AE /* SnapKit */; };
		70CC321B2A6E7A31002282AE /* QuestionDIContainer.swift in Sources */ = {isa = PBXBuildFile; fileRef = 70CC321A2A6E7A31002282AE /* QuestionDIContainer.swift */; };
		70CC321D2A6E7A3D002282AE /* QuestionViewController.swift in Sources */ = {isa = PBXBuildFile; fileRef = 70CC321C2A6E7A3D002282AE /* QuestionViewController.swift */; };
		70CC32252A6F94E4002282AE /* BaseCollectionViewCell.swift in Sources */ = {isa = PBXBuildFile; fileRef = 70CC321F2A6F94E4002282AE /* BaseCollectionViewCell.swift */; };
		70CC32262A6F94E4002282AE /* BaseView.swift in Sources */ = {isa = PBXBuildFile; fileRef = 70CC32202A6F94E4002282AE /* BaseView.swift */; };
		70CC32282A6F94E4002282AE /* BaseTableViewCell.swift in Sources */ = {isa = PBXBuildFile; fileRef = 70CC32222A6F94E4002282AE /* BaseTableViewCell.swift */; };
		70CC32292A6F94E4002282AE /* BaseCollectionReusableView.swift in Sources */ = {isa = PBXBuildFile; fileRef = 70CC32232A6F94E4002282AE /* BaseCollectionReusableView.swift */; };
		70CC322A2A6F94E4002282AE /* BaseViewController.swift in Sources */ = {isa = PBXBuildFile; fileRef = 70CC32242A6F94E4002282AE /* BaseViewController.swift */; };
		70CC322D2A6F955D002282AE /* RxBlocking in Frameworks */ = {isa = PBXBuildFile; productRef = 70CC322C2A6F955D002282AE /* RxBlocking */; };
		70CC322F2A6F955D002282AE /* RxCocoa in Frameworks */ = {isa = PBXBuildFile; productRef = 70CC322E2A6F955D002282AE /* RxCocoa */; };
		70CC32312A6F955D002282AE /* RxRelay in Frameworks */ = {isa = PBXBuildFile; productRef = 70CC32302A6F955D002282AE /* RxRelay */; };
		70CC32332A6F955D002282AE /* RxSwift in Frameworks */ = {isa = PBXBuildFile; productRef = 70CC32322A6F955D002282AE /* RxSwift */; };
		70CC323D2A6FA18D002282AE /* DrawTests.swift in Sources */ = {isa = PBXBuildFile; fileRef = 70CC323C2A6FA18D002282AE /* DrawTests.swift */; };
		70CC32442A6FAB18002282AE /* DrawTabBarController.swift in Sources */ = {isa = PBXBuildFile; fileRef = 70CC32432A6FAB18002282AE /* DrawTabBarController.swift */; };
		70CC32462A6FACBD002282AE /* UIView+Extensions.swift in Sources */ = {isa = PBXBuildFile; fileRef = 70CC32452A6FACBD002282AE /* UIView+Extensions.swift */; };
		70CC32482A6FADD6002282AE /* UIBezierPath+Extension.swift in Sources */ = {isa = PBXBuildFile; fileRef = 70CC32472A6FADD6002282AE /* UIBezierPath+Extension.swift */; };
		70FE54412A6E564B005CF966 /* TabBarDIContainer.swift in Sources */ = {isa = PBXBuildFile; fileRef = 70FE54402A6E564B005CF966 /* TabBarDIContainer.swift */; };
		70FE54452A6E6392005CF966 /* HomeDIContainer.swift in Sources */ = {isa = PBXBuildFile; fileRef = 70FE54442A6E6392005CF966 /* HomeDIContainer.swift */; };
		70FE54472A6E63B6005CF966 /* TabBarFlowCoordinator.swift in Sources */ = {isa = PBXBuildFile; fileRef = 70FE54462A6E63B6005CF966 /* TabBarFlowCoordinator.swift */; };
		70FE54492A6E6AA0005CF966 /* HomeViewController.swift in Sources */ = {isa = PBXBuildFile; fileRef = 70FE54482A6E6AA0005CF966 /* HomeViewController.swift */; };
/* End PBXBuildFile section */

/* Begin PBXContainerItemProxy section */
		70CC323E2A6FA18D002282AE /* PBXContainerItemProxy */ = {
			isa = PBXContainerItemProxy;
			containerPortal = 7000A04F2A68DE9000AA442F /* Project object */;
			proxyType = 1;
			remoteGlobalIDString = 7000A0562A68DE9000AA442F;
			remoteInfo = Draw;
		};
/* End PBXContainerItemProxy section */

/* Begin PBXFileReference section */
		7000A0572A68DE9000AA442F /* Draw.app */ = {isa = PBXFileReference; explicitFileType = wrapper.application; includeInIndex = 0; path = Draw.app; sourceTree = BUILT_PRODUCTS_DIR; };
		7000A05A2A68DE9000AA442F /* AppDelegate.swift */ = {isa = PBXFileReference; lastKnownFileType = sourcecode.swift; path = AppDelegate.swift; sourceTree = "<group>"; };
		7000A05C2A68DE9000AA442F /* SceneDelegate.swift */ = {isa = PBXFileReference; lastKnownFileType = sourcecode.swift; path = SceneDelegate.swift; sourceTree = "<group>"; };
		7000A05E2A68DE9000AA442F /* ViewController.swift */ = {isa = PBXFileReference; lastKnownFileType = sourcecode.swift; path = ViewController.swift; sourceTree = "<group>"; };
		7000A0612A68DE9000AA442F /* Base */ = {isa = PBXFileReference; lastKnownFileType = file.storyboard; name = Base; path = Base.lproj/Main.storyboard; sourceTree = "<group>"; };
		7000A0632A68DE9100AA442F /* Assets.xcassets */ = {isa = PBXFileReference; lastKnownFileType = folder.assetcatalog; path = Assets.xcassets; sourceTree = "<group>"; };
		7000A0662A68DE9100AA442F /* Base */ = {isa = PBXFileReference; lastKnownFileType = file.storyboard; name = Base; path = Base.lproj/LaunchScreen.storyboard; sourceTree = "<group>"; };
		7000A0682A68DE9100AA442F /* Info.plist */ = {isa = PBXFileReference; lastKnownFileType = text.plist.xml; path = Info.plist; sourceTree = "<group>"; };
		7000A06F2A68DF0000AA442F /* AppDIContainer.swift */ = {isa = PBXFileReference; lastKnownFileType = sourcecode.swift; path = AppDIContainer.swift; sourceTree = "<group>"; };
		7000A0712A68DF1200AA442F /* AppConfiguration.swift */ = {isa = PBXFileReference; lastKnownFileType = sourcecode.swift; path = AppConfiguration.swift; sourceTree = "<group>"; };
		7000A0732A68DF2300AA442F /* AppFlowCoordinator.swift */ = {isa = PBXFileReference; lastKnownFileType = sourcecode.swift; path = AppFlowCoordinator.swift; sourceTree = "<group>"; };
		705B83E22A68E24500B30CBC /* DataTransferService.swift */ = {isa = PBXFileReference; lastKnownFileType = sourcecode.swift; path = DataTransferService.swift; sourceTree = "<group>"; };
		705B83E42A68E26000B30CBC /* NetworkService.swift */ = {isa = PBXFileReference; lastKnownFileType = sourcecode.swift; path = NetworkService.swift; sourceTree = "<group>"; };
		705B83E62A68E2A700B30CBC /* Endpoint.swift */ = {isa = PBXFileReference; lastKnownFileType = sourcecode.swift; path = Endpoint.swift; sourceTree = "<group>"; };
		705B83E82A68E2CA00B30CBC /* NetworkConfig.swift */ = {isa = PBXFileReference; lastKnownFileType = sourcecode.swift; path = NetworkConfig.swift; sourceTree = "<group>"; };
		705B83EC2A68E34100B30CBC /* TrendingRepositoriesFeatureDIContainer.swift */ = {isa = PBXFileReference; lastKnownFileType = sourcecode.swift; path = TrendingRepositoriesFeatureDIContainer.swift; sourceTree = "<group>"; };
		705B83EF2A68E53600B30CBC /* TrendingRepositoriesListViewModel.swift */ = {isa = PBXFileReference; lastKnownFileType = sourcecode.swift; path = TrendingRepositoriesListViewModel.swift; sourceTree = "<group>"; };
		705B83F22A68E59500B30CBC /* TrendingRepositoriesListItemViewModel.swift */ = {isa = PBXFileReference; lastKnownFileType = sourcecode.swift; path = TrendingRepositoriesListItemViewModel.swift; sourceTree = "<group>"; };
		705B83F52A68E5D700B30CBC /* TrendingRepositoriesListContentViewModel.swift */ = {isa = PBXFileReference; lastKnownFileType = sourcecode.swift; path = TrendingRepositoriesListContentViewModel.swift; sourceTree = "<group>"; };
		705B83F82A68E68E00B30CBC /* TrendingRepositoriesListViewController.swift */ = {isa = PBXFileReference; lastKnownFileType = sourcecode.swift; path = TrendingRepositoriesListViewController.swift; sourceTree = "<group>"; };
		705B83FC2A68E6BE00B30CBC /* TrendingRepositoryListItemCell.swift */ = {isa = PBXFileReference; lastKnownFileType = sourcecode.swift; path = TrendingRepositoryListItemCell.swift; sourceTree = "<group>"; };
		705B83FE2A68E6DB00B30CBC /* TrendingRepositoryListLoadingItemCell.swift */ = {isa = PBXFileReference; lastKnownFileType = sourcecode.swift; path = TrendingRepositoryListLoadingItemCell.swift; sourceTree = "<group>"; };
		705B84002A68E6EB00B30CBC /* TrendingRepositoryListEmptyItemCell.swift */ = {isa = PBXFileReference; lastKnownFileType = sourcecode.swift; path = TrendingRepositoryListEmptyItemCell.swift; sourceTree = "<group>"; };
		705B84022A68E70200B30CBC /* TrendingRepositoriesListTableViewController.swift */ = {isa = PBXFileReference; lastKnownFileType = sourcecode.swift; path = TrendingRepositoriesListTableViewController.swift; sourceTree = "<group>"; };
		705B84052A68E87800B30CBC /* TrendingRepositoriesFlowCoordinator.swift */ = {isa = PBXFileReference; lastKnownFileType = sourcecode.swift; path = TrendingRepositoriesFlowCoordinator.swift; sourceTree = "<group>"; };
		705B84072A68E89700B30CBC /* Localizations+TrendingRepositoriesFeature.swift */ = {isa = PBXFileReference; lastKnownFileType = sourcecode.swift; path = "Localizations+TrendingRepositoriesFeature.swift"; sourceTree = "<group>"; };
		705B84092A68E8AB00B30CBC /* Images+TrendingRepositoriesFeature.swift */ = {isa = PBXFileReference; lastKnownFileType = sourcecode.swift; path = "Images+TrendingRepositoriesFeature.swift"; sourceTree = "<group>"; };
		705B840D2A68E9A000B30CBC /* Error+UIError.swift */ = {isa = PBXFileReference; lastKnownFileType = sourcecode.swift; path = "Error+UIError.swift"; sourceTree = "<group>"; };
		705B840F2A68EA3C00B30CBC /* UIViewController+AddChild.swift */ = {isa = PBXFileReference; lastKnownFileType = sourcecode.swift; path = "UIViewController+AddChild.swift"; sourceTree = "<group>"; };
		705B84112A68EA4E00B30CBC /* UITableView+DequeueReusableCell.swift */ = {isa = PBXFileReference; lastKnownFileType = sourcecode.swift; path = "UITableView+DequeueReusableCell.swift"; sourceTree = "<group>"; };
		705B84132A68EAB300B30CBC /* Observable.swift */ = {isa = PBXFileReference; lastKnownFileType = sourcecode.swift; path = Observable.swift; sourceTree = "<group>"; };
		705B84152A68EAC400B30CBC /* SkeletonLoadable.swift */ = {isa = PBXFileReference; lastKnownFileType = sourcecode.swift; path = SkeletonLoadable.swift; sourceTree = "<group>"; };
		705B84192A68F01200B30CBC /* FetchTrendingRepositoriesUseCase.swift */ = {isa = PBXFileReference; lastKnownFileType = sourcecode.swift; path = FetchTrendingRepositoriesUseCase.swift; sourceTree = "<group>"; };
		705B841C2A68F08F00B30CBC /* Owner.swift */ = {isa = PBXFileReference; lastKnownFileType = sourcecode.swift; path = Owner.swift; sourceTree = "<group>"; };
		705B841E2A68F0A000B30CBC /* Repository.swift */ = {isa = PBXFileReference; lastKnownFileType = sourcecode.swift; path = Repository.swift; sourceTree = "<group>"; };
		705B84202A68F0B900B30CBC /* TrendingRepositoriesPage.swift */ = {isa = PBXFileReference; lastKnownFileType = sourcecode.swift; path = TrendingRepositoriesPage.swift; sourceTree = "<group>"; };
		705B84242A68F0F500B30CBC /* TrendingRepositoriesRepository.swift */ = {isa = PBXFileReference; lastKnownFileType = sourcecode.swift; path = TrendingRepositoriesRepository.swift; sourceTree = "<group>"; };
		705B84262A68F10A00B30CBC /* ImagesRepository.swift */ = {isa = PBXFileReference; lastKnownFileType = sourcecode.swift; path = ImagesRepository.swift; sourceTree = "<group>"; };
		705B842C2A68F2F200B30CBC /* APIEndpoints.swift */ = {isa = PBXFileReference; lastKnownFileType = sourcecode.swift; path = APIEndpoints.swift; sourceTree = "<group>"; };
		705B84312A68F3E800B30CBC /* TrendingRepositoriesRequestQuery.swift */ = {isa = PBXFileReference; lastKnownFileType = sourcecode.swift; path = TrendingRepositoriesRequestQuery.swift; sourceTree = "<group>"; };
		705B84332A68F3FB00B30CBC /* ImagesRequestQuery.swift */ = {isa = PBXFileReference; lastKnownFileType = sourcecode.swift; path = ImagesRequestQuery.swift; sourceTree = "<group>"; };
		705B84362A68F42D00B30CBC /* OwnerDto+Mapping.swift */ = {isa = PBXFileReference; lastKnownFileType = sourcecode.swift; path = "OwnerDto+Mapping.swift"; sourceTree = "<group>"; };
		705B84382A68F43F00B30CBC /* OwnerDto.swift */ = {isa = PBXFileReference; lastKnownFileType = sourcecode.swift; path = OwnerDto.swift; sourceTree = "<group>"; };
		705B843A2A68F45500B30CBC /* Repository+Mapping.swift */ = {isa = PBXFileReference; lastKnownFileType = sourcecode.swift; path = "Repository+Mapping.swift"; sourceTree = "<group>"; };
		705B843C2A68F46C00B30CBC /* RepositoryDto.swift */ = {isa = PBXFileReference; lastKnownFileType = sourcecode.swift; path = RepositoryDto.swift; sourceTree = "<group>"; };
		705B843E2A68F47D00B30CBC /* TrendingRepositoriesPageDto.swift */ = {isa = PBXFileReference; lastKnownFileType = sourcecode.swift; path = TrendingRepositoriesPageDto.swift; sourceTree = "<group>"; };
		705B84402A68F49000B30CBC /* TrendingRepositoriesPageDto+Mapping.swift */ = {isa = PBXFileReference; lastKnownFileType = sourcecode.swift; path = "TrendingRepositoriesPageDto+Mapping.swift"; sourceTree = "<group>"; };
		705B84432A68F4CB00B30CBC /* DefaultTrendingRepositoriesRepository.swift */ = {isa = PBXFileReference; lastKnownFileType = sourcecode.swift; path = DefaultTrendingRepositoriesRepository.swift; sourceTree = "<group>"; };
		705B84482A691FA200B30CBC /* OwnerEntity+Mapping.swift */ = {isa = PBXFileReference; lastKnownFileType = sourcecode.swift; path = "OwnerEntity+Mapping.swift"; sourceTree = "<group>"; };
		705B844A2A691FB700B30CBC /* RepositoryEntity+Mapping.swift */ = {isa = PBXFileReference; lastKnownFileType = sourcecode.swift; path = "RepositoryEntity+Mapping.swift"; sourceTree = "<group>"; };
		705B844C2A691FCA00B30CBC /* TrendingRepositoriesPageEntity+Mapping.swift */ = {isa = PBXFileReference; lastKnownFileType = sourcecode.swift; path = "TrendingRepositoriesPageEntity+Mapping.swift"; sourceTree = "<group>"; };
		705B844E2A691FDD00B30CBC /* TrendingRepositoriesStorage.swift */ = {isa = PBXFileReference; lastKnownFileType = sourcecode.swift; path = TrendingRepositoriesStorage.swift; sourceTree = "<group>"; };
		705B84502A691FF100B30CBC /* CoreDataTrendingRepositoriesStorage.swift */ = {isa = PBXFileReference; lastKnownFileType = sourcecode.swift; path = CoreDataTrendingRepositoriesStorage.swift; sourceTree = "<group>"; };
		705B84532A69202700B30CBC /* ImagesStorage.swift */ = {isa = PBXFileReference; lastKnownFileType = sourcecode.swift; path = ImagesStorage.swift; sourceTree = "<group>"; };
		705B84552A69203900B30CBC /* CoreDataImagesStorage.swift */ = {isa = PBXFileReference; lastKnownFileType = sourcecode.swift; path = CoreDataImagesStorage.swift; sourceTree = "<group>"; };
		705B84582A69206000B30CBC /* CoreDataStorage.swift */ = {isa = PBXFileReference; lastKnownFileType = sourcecode.swift; path = CoreDataStorage.swift; sourceTree = "<group>"; };
		705B845B2A69208700B30CBC /* CoreDataStorage.xcdatamodel */ = {isa = PBXFileReference; lastKnownFileType = wrapper.xcdatamodel; path = CoreDataStorage.xcdatamodel; sourceTree = "<group>"; };
		705B845E2A6920AE00B30CBC /* DispatchQueueType.swift */ = {isa = PBXFileReference; lastKnownFileType = sourcecode.swift; path = DispatchQueueType.swift; sourceTree = "<group>"; };
		705B84602A6920BF00B30CBC /* Cancellable.swift */ = {isa = PBXFileReference; lastKnownFileType = sourcecode.swift; path = Cancellable.swift; sourceTree = "<group>"; };
		705B84622A69218B00B30CBC /* DefaultImagesRepository.swift */ = {isa = PBXFileReference; lastKnownFileType = sourcecode.swift; path = DefaultImagesRepository.swift; sourceTree = "<group>"; };
		705B84652A6921BA00B30CBC /* RepositoryTask.swift */ = {isa = PBXFileReference; lastKnownFileType = sourcecode.swift; path = RepositoryTask.swift; sourceTree = "<group>"; };
		70CC321A2A6E7A31002282AE /* QuestionDIContainer.swift */ = {isa = PBXFileReference; lastKnownFileType = sourcecode.swift; path = QuestionDIContainer.swift; sourceTree = "<group>"; };
		70CC321C2A6E7A3D002282AE /* QuestionViewController.swift */ = {isa = PBXFileReference; lastKnownFileType = sourcecode.swift; path = QuestionViewController.swift; sourceTree = "<group>"; };
		70CC321F2A6F94E4002282AE /* BaseCollectionViewCell.swift */ = {isa = PBXFileReference; fileEncoding = 4; lastKnownFileType = sourcecode.swift; path = BaseCollectionViewCell.swift; sourceTree = "<group>"; };
		70CC32202A6F94E4002282AE /* BaseView.swift */ = {isa = PBXFileReference; fileEncoding = 4; lastKnownFileType = sourcecode.swift; path = BaseView.swift; sourceTree = "<group>"; };
		70CC32222A6F94E4002282AE /* BaseTableViewCell.swift */ = {isa = PBXFileReference; fileEncoding = 4; lastKnownFileType = sourcecode.swift; path = BaseTableViewCell.swift; sourceTree = "<group>"; };
		70CC32232A6F94E4002282AE /* BaseCollectionReusableView.swift */ = {isa = PBXFileReference; fileEncoding = 4; lastKnownFileType = sourcecode.swift; path = BaseCollectionReusableView.swift; sourceTree = "<group>"; };
		70CC32242A6F94E4002282AE /* BaseViewController.swift */ = {isa = PBXFileReference; fileEncoding = 4; lastKnownFileType = sourcecode.swift; path = BaseViewController.swift; sourceTree = "<group>"; };
		70CC323A2A6FA18D002282AE /* DrawTests.xctest */ = {isa = PBXFileReference; explicitFileType = wrapper.cfbundle; includeInIndex = 0; path = DrawTests.xctest; sourceTree = BUILT_PRODUCTS_DIR; };
		70CC323C2A6FA18D002282AE /* DrawTests.swift */ = {isa = PBXFileReference; lastKnownFileType = sourcecode.swift; path = DrawTests.swift; sourceTree = "<group>"; };
		70CC32432A6FAB18002282AE /* DrawTabBarController.swift */ = {isa = PBXFileReference; lastKnownFileType = sourcecode.swift; path = DrawTabBarController.swift; sourceTree = "<group>"; };
		70CC32452A6FACBD002282AE /* UIView+Extensions.swift */ = {isa = PBXFileReference; lastKnownFileType = sourcecode.swift; path = "UIView+Extensions.swift"; sourceTree = "<group>"; };
		70CC32472A6FADD6002282AE /* UIBezierPath+Extension.swift */ = {isa = PBXFileReference; lastKnownFileType = sourcecode.swift; path = "UIBezierPath+Extension.swift"; sourceTree = "<group>"; };
		70FE54402A6E564B005CF966 /* TabBarDIContainer.swift */ = {isa = PBXFileReference; lastKnownFileType = sourcecode.swift; path = TabBarDIContainer.swift; sourceTree = "<group>"; };
		70FE54442A6E6392005CF966 /* HomeDIContainer.swift */ = {isa = PBXFileReference; lastKnownFileType = sourcecode.swift; path = HomeDIContainer.swift; sourceTree = "<group>"; };
		70FE54462A6E63B6005CF966 /* TabBarFlowCoordinator.swift */ = {isa = PBXFileReference; lastKnownFileType = sourcecode.swift; path = TabBarFlowCoordinator.swift; sourceTree = "<group>"; };
		70FE54482A6E6AA0005CF966 /* HomeViewController.swift */ = {isa = PBXFileReference; lastKnownFileType = sourcecode.swift; path = HomeViewController.swift; sourceTree = "<group>"; };
/* End PBXFileReference section */

/* Begin PBXFrameworksBuildPhase section */
		7000A0542A68DE9000AA442F /* Frameworks */ = {
			isa = PBXFrameworksBuildPhase;
			buildActionMask = 2147483647;
			files = (
				70CC322F2A6F955D002282AE /* RxCocoa in Frameworks */,
				70CC32182A6E7576002282AE /* SnapKit in Frameworks */,
				70CC32332A6F955D002282AE /* RxSwift in Frameworks */,
				70CC32312A6F955D002282AE /* RxRelay in Frameworks */,
				70CC322D2A6F955D002282AE /* RxBlocking in Frameworks */,
			);
			runOnlyForDeploymentPostprocessing = 0;
		};
		70CC32372A6FA18D002282AE /* Frameworks */ = {
			isa = PBXFrameworksBuildPhase;
			buildActionMask = 2147483647;
			files = (
			);
			runOnlyForDeploymentPostprocessing = 0;
		};
/* End PBXFrameworksBuildPhase section */

/* Begin PBXGroup section */
		7000A04E2A68DE9000AA442F = {
			isa = PBXGroup;
			children = (
				7000A0592A68DE9000AA442F /* Draw */,
				70CC323B2A6FA18D002282AE /* DrawTests */,
				7000A0582A68DE9000AA442F /* Products */,
			);
			sourceTree = "<group>";
		};
		7000A0582A68DE9000AA442F /* Products */ = {
			isa = PBXGroup;
			children = (
				7000A0572A68DE9000AA442F /* Draw.app */,
				70CC323A2A6FA18D002282AE /* DrawTests.xctest */,
			);
			name = Products;
			sourceTree = "<group>";
		};
		7000A0592A68DE9000AA442F /* Draw */ = {
			isa = PBXGroup;
			children = (
				7000A06E2A68DEB800AA442F /* Application */,
				705B83EA2A68E31D00B30CBC /* Presentation */,
				705B83E02A68E22E00B30CBC /* Infrastructure */,
				705B84172A68EFF000B30CBC /* Domain */,
				705B84282A68F2CF00B30CBC /* Data */,
				705B845D2A69209F00B30CBC /* Common */,
				7000A05E2A68DE9000AA442F /* ViewController.swift */,
				7000A0602A68DE9000AA442F /* Main.storyboard */,
				7000A0632A68DE9100AA442F /* Assets.xcassets */,
				7000A0652A68DE9100AA442F /* LaunchScreen.storyboard */,
				7000A0682A68DE9100AA442F /* Info.plist */,
			);
			path = Draw;
			sourceTree = "<group>";
		};
		7000A06E2A68DEB800AA442F /* Application */ = {
			isa = PBXGroup;
			children = (
				7000A05A2A68DE9000AA442F /* AppDelegate.swift */,
				7000A05C2A68DE9000AA442F /* SceneDelegate.swift */,
				7000A06F2A68DF0000AA442F /* AppDIContainer.swift */,
				7000A0712A68DF1200AA442F /* AppConfiguration.swift */,
				7000A0732A68DF2300AA442F /* AppFlowCoordinator.swift */,
			);
			path = Application;
			sourceTree = "<group>";
		};
		705B83E02A68E22E00B30CBC /* Infrastructure */ = {
			isa = PBXGroup;
			children = (
				705B83E12A68E23500B30CBC /* Network */,
			);
			path = Infrastructure;
			sourceTree = "<group>";
		};
		705B83E12A68E23500B30CBC /* Network */ = {
			isa = PBXGroup;
			children = (
				705B83E22A68E24500B30CBC /* DataTransferService.swift */,
				705B83E42A68E26000B30CBC /* NetworkService.swift */,
				705B83E62A68E2A700B30CBC /* Endpoint.swift */,
				705B83E82A68E2CA00B30CBC /* NetworkConfig.swift */,
			);
			path = Network;
			sourceTree = "<group>";
		};
		705B83EA2A68E31D00B30CBC /* Presentation */ = {
			isa = PBXGroup;
			children = (
				705B840B2A68E98600B30CBC /* Utils */,
				70CC32192A6E79D9002282AE /* Question */,
				70FE543F2A6E55ED005CF966 /* TabBar */,
				70FE54432A6E6384005CF966 /* Home */,
				705B83EB2A68E33400B30CBC /* TrendingRepositoriesFeature */,
			);
			path = Presentation;
			sourceTree = "<group>";
		};
		705B83EB2A68E33400B30CBC /* TrendingRepositoriesFeature */ = {
			isa = PBXGroup;
			children = (
				705B83EC2A68E34100B30CBC /* TrendingRepositoriesFeatureDIContainer.swift */,
				705B83EE2A68E49300B30CBC /* TradingRepositoriesList */,
				705B84042A68E86400B30CBC /* Flows */,
				705B84072A68E89700B30CBC /* Localizations+TrendingRepositoriesFeature.swift */,
				705B84092A68E8AB00B30CBC /* Images+TrendingRepositoriesFeature.swift */,
			);
			path = TrendingRepositoriesFeature;
			sourceTree = "<group>";
		};
		705B83EE2A68E49300B30CBC /* TradingRepositoriesList */ = {
			isa = PBXGroup;
			children = (
				705B83F72A68E68200B30CBC /* View */,
				705B83F12A68E58A00B30CBC /* ViewModel */,
			);
			path = TradingRepositoriesList;
			sourceTree = "<group>";
		};
		705B83F12A68E58A00B30CBC /* ViewModel */ = {
			isa = PBXGroup;
			children = (
				705B83F42A68E5B200B30CBC /* TrendingRepositoriesDisplayModeltems */,
				705B83EF2A68E53600B30CBC /* TrendingRepositoriesListViewModel.swift */,
			);
			path = ViewModel;
			sourceTree = "<group>";
		};
		705B83F42A68E5B200B30CBC /* TrendingRepositoriesDisplayModeltems */ = {
			isa = PBXGroup;
			children = (
				705B83F22A68E59500B30CBC /* TrendingRepositoriesListItemViewModel.swift */,
				705B83F52A68E5D700B30CBC /* TrendingRepositoriesListContentViewModel.swift */,
			);
			path = TrendingRepositoriesDisplayModeltems;
			sourceTree = "<group>";
		};
		705B83F72A68E68200B30CBC /* View */ = {
			isa = PBXGroup;
			children = (
				705B83F82A68E68E00B30CBC /* TrendingRepositoriesListViewController.swift */,
				705B83FA2A68E6A400B30CBC /* TrendingRepositoriesListTableView */,
			);
			path = View;
			sourceTree = "<group>";
		};
		705B83FA2A68E6A400B30CBC /* TrendingRepositoriesListTableView */ = {
			isa = PBXGroup;
			children = (
				705B83FB2A68E6AF00B30CBC /* Cells */,
				705B84022A68E70200B30CBC /* TrendingRepositoriesListTableViewController.swift */,
			);
			path = TrendingRepositoriesListTableView;
			sourceTree = "<group>";
		};
		705B83FB2A68E6AF00B30CBC /* Cells */ = {
			isa = PBXGroup;
			children = (
				705B83FC2A68E6BE00B30CBC /* TrendingRepositoryListItemCell.swift */,
				705B83FE2A68E6DB00B30CBC /* TrendingRepositoryListLoadingItemCell.swift */,
				705B84002A68E6EB00B30CBC /* TrendingRepositoryListEmptyItemCell.swift */,
			);
			path = Cells;
			sourceTree = "<group>";
		};
		705B84042A68E86400B30CBC /* Flows */ = {
			isa = PBXGroup;
			children = (
				705B84052A68E87800B30CBC /* TrendingRepositoriesFlowCoordinator.swift */,
			);
			path = Flows;
			sourceTree = "<group>";
		};
		705B840B2A68E98600B30CBC /* Utils */ = {
			isa = PBXGroup;
			children = (
				70CC321E2A6F94C0002282AE /* Bases */,
				705B840C2A68E98E00B30CBC /* Extensions */,
				705B84132A68EAB300B30CBC /* Observable.swift */,
				705B84152A68EAC400B30CBC /* SkeletonLoadable.swift */,
				70CC32432A6FAB18002282AE /* DrawTabBarController.swift */,
			);
			path = Utils;
			sourceTree = "<group>";
		};
		705B840C2A68E98E00B30CBC /* Extensions */ = {
			isa = PBXGroup;
			children = (
				705B840D2A68E9A000B30CBC /* Error+UIError.swift */,
				705B840F2A68EA3C00B30CBC /* UIViewController+AddChild.swift */,
				705B84112A68EA4E00B30CBC /* UITableView+DequeueReusableCell.swift */,
				70CC32452A6FACBD002282AE /* UIView+Extensions.swift */,
				70CC32472A6FADD6002282AE /* UIBezierPath+Extension.swift */,
			);
			path = Extensions;
			sourceTree = "<group>";
		};
		705B84172A68EFF000B30CBC /* Domain */ = {
			isa = PBXGroup;
			children = (
				705B84182A68EFFF00B30CBC /* UseCases */,
				705B841B2A68F08000B30CBC /* Entities */,
				705B84222A68F0D200B30CBC /* Interfaces */,
			);
			path = Domain;
			sourceTree = "<group>";
		};
		705B84182A68EFFF00B30CBC /* UseCases */ = {
			isa = PBXGroup;
			children = (
				705B84192A68F01200B30CBC /* FetchTrendingRepositoriesUseCase.swift */,
			);
			path = UseCases;
			sourceTree = "<group>";
		};
		705B841B2A68F08000B30CBC /* Entities */ = {
			isa = PBXGroup;
			children = (
				705B841C2A68F08F00B30CBC /* Owner.swift */,
				705B841E2A68F0A000B30CBC /* Repository.swift */,
				705B84202A68F0B900B30CBC /* TrendingRepositoriesPage.swift */,
			);
			path = Entities;
			sourceTree = "<group>";
		};
		705B84222A68F0D200B30CBC /* Interfaces */ = {
			isa = PBXGroup;
			children = (
				705B84232A68F0EA00B30CBC /* Repositories */,
			);
			path = Interfaces;
			sourceTree = "<group>";
		};
		705B84232A68F0EA00B30CBC /* Repositories */ = {
			isa = PBXGroup;
			children = (
				705B84242A68F0F500B30CBC /* TrendingRepositoriesRepository.swift */,
				705B84262A68F10A00B30CBC /* ImagesRepository.swift */,
			);
			path = Repositories;
			sourceTree = "<group>";
		};
		705B84282A68F2CF00B30CBC /* Data */ = {
			isa = PBXGroup;
			children = (
				705B84292A68F2DB00B30CBC /* Network */,
				705B84452A691F4B00B30CBC /* PersistentStorages */,
				705B84422A68F4BB00B30CBC /* Repositories */,
			);
			path = Data;
			sourceTree = "<group>";
		};
		705B84292A68F2DB00B30CBC /* Network */ = {
			isa = PBXGroup;
			children = (
				705B842C2A68F2F200B30CBC /* APIEndpoints.swift */,
				705B842E2A68F31900B30CBC /* DataMapping */,
			);
			path = Network;
			sourceTree = "<group>";
		};
		705B842E2A68F31900B30CBC /* DataMapping */ = {
			isa = PBXGroup;
			children = (
				705B842F2A68F3D700B30CBC /* Repositories */,
			);
			path = DataMapping;
			sourceTree = "<group>";
		};
		705B842F2A68F3D700B30CBC /* Repositories */ = {
			isa = PBXGroup;
			children = (
				705B84302A68F3DE00B30CBC /* Request */,
				705B84352A68F41700B30CBC /* Response */,
			);
			path = Repositories;
			sourceTree = "<group>";
		};
		705B84302A68F3DE00B30CBC /* Request */ = {
			isa = PBXGroup;
			children = (
				705B84312A68F3E800B30CBC /* TrendingRepositoriesRequestQuery.swift */,
				705B84332A68F3FB00B30CBC /* ImagesRequestQuery.swift */,
			);
			path = Request;
			sourceTree = "<group>";
		};
		705B84352A68F41700B30CBC /* Response */ = {
			isa = PBXGroup;
			children = (
				705B84362A68F42D00B30CBC /* OwnerDto+Mapping.swift */,
				705B84382A68F43F00B30CBC /* OwnerDto.swift */,
				705B843A2A68F45500B30CBC /* Repository+Mapping.swift */,
				705B843C2A68F46C00B30CBC /* RepositoryDto.swift */,
				705B843E2A68F47D00B30CBC /* TrendingRepositoriesPageDto.swift */,
				705B84402A68F49000B30CBC /* TrendingRepositoriesPageDto+Mapping.swift */,
			);
			path = Response;
			sourceTree = "<group>";
		};
		705B84422A68F4BB00B30CBC /* Repositories */ = {
			isa = PBXGroup;
			children = (
				705B84642A6921AF00B30CBC /* Utils */,
				705B84432A68F4CB00B30CBC /* DefaultTrendingRepositoriesRepository.swift */,
				705B84622A69218B00B30CBC /* DefaultImagesRepository.swift */,
			);
			path = Repositories;
			sourceTree = "<group>";
		};
		705B84452A691F4B00B30CBC /* PersistentStorages */ = {
			isa = PBXGroup;
			children = (
				705B84462A691F5B00B30CBC /* TrendingRepositoriesStorage */,
				705B84522A69201800B30CBC /* ImagesStorage */,
				705B84572A69204800B30CBC /* CoreDataStorage */,
			);
			path = PersistentStorages;
			sourceTree = "<group>";
		};
		705B84462A691F5B00B30CBC /* TrendingRepositoriesStorage */ = {
			isa = PBXGroup;
			children = (
				705B84472A691F9700B30CBC /* EntityMapping */,
				705B844E2A691FDD00B30CBC /* TrendingRepositoriesStorage.swift */,
				705B84502A691FF100B30CBC /* CoreDataTrendingRepositoriesStorage.swift */,
			);
			path = TrendingRepositoriesStorage;
			sourceTree = "<group>";
		};
		705B84472A691F9700B30CBC /* EntityMapping */ = {
			isa = PBXGroup;
			children = (
				705B84482A691FA200B30CBC /* OwnerEntity+Mapping.swift */,
				705B844A2A691FB700B30CBC /* RepositoryEntity+Mapping.swift */,
				705B844C2A691FCA00B30CBC /* TrendingRepositoriesPageEntity+Mapping.swift */,
			);
			path = EntityMapping;
			sourceTree = "<group>";
		};
		705B84522A69201800B30CBC /* ImagesStorage */ = {
			isa = PBXGroup;
			children = (
				705B84532A69202700B30CBC /* ImagesStorage.swift */,
				705B84552A69203900B30CBC /* CoreDataImagesStorage.swift */,
			);
			path = ImagesStorage;
			sourceTree = "<group>";
		};
		705B84572A69204800B30CBC /* CoreDataStorage */ = {
			isa = PBXGroup;
			children = (
				705B84582A69206000B30CBC /* CoreDataStorage.swift */,
				705B845A2A69208700B30CBC /* CoreDataStorage.xcdatamodeld */,
			);
			path = CoreDataStorage;
			sourceTree = "<group>";
		};
		705B845D2A69209F00B30CBC /* Common */ = {
			isa = PBXGroup;
			children = (
				705B845E2A6920AE00B30CBC /* DispatchQueueType.swift */,
				705B84602A6920BF00B30CBC /* Cancellable.swift */,
			);
			path = Common;
			sourceTree = "<group>";
		};
		705B84642A6921AF00B30CBC /* Utils */ = {
			isa = PBXGroup;
			children = (
				705B84652A6921BA00B30CBC /* RepositoryTask.swift */,
			);
			path = Utils;
			sourceTree = "<group>";
		};
		70CC32192A6E79D9002282AE /* Question */ = {
			isa = PBXGroup;
			children = (
				70CC321A2A6E7A31002282AE /* QuestionDIContainer.swift */,
				70CC321C2A6E7A3D002282AE /* QuestionViewController.swift */,
			);
			path = Question;
			sourceTree = "<group>";
		};
		70CC321E2A6F94C0002282AE /* Bases */ = {
			isa = PBXGroup;
			children = (
				70CC32232A6F94E4002282AE /* BaseCollectionReusableView.swift */,
				70CC321F2A6F94E4002282AE /* BaseCollectionViewCell.swift */,
				70CC32222A6F94E4002282AE /* BaseTableViewCell.swift */,
				70CC32202A6F94E4002282AE /* BaseView.swift */,
				70CC32242A6F94E4002282AE /* BaseViewController.swift */,
			);
			path = Bases;
			sourceTree = "<group>";
		};
		70CC323B2A6FA18D002282AE /* DrawTests */ = {
			isa = PBXGroup;
			children = (
				70CC323C2A6FA18D002282AE /* DrawTests.swift */,
			);
			path = DrawTests;
			sourceTree = "<group>";
		};
		70FE543F2A6E55ED005CF966 /* TabBar */ = {
			isa = PBXGroup;
			children = (
				70FE54402A6E564B005CF966 /* TabBarDIContainer.swift */,
				70FE54422A6E6375005CF966 /* Flows */,
			);
			path = TabBar;
			sourceTree = "<group>";
		};
		70FE54422A6E6375005CF966 /* Flows */ = {
			isa = PBXGroup;
			children = (
				70FE54462A6E63B6005CF966 /* TabBarFlowCoordinator.swift */,
			);
			path = Flows;
			sourceTree = "<group>";
		};
		70FE54432A6E6384005CF966 /* Home */ = {
			isa = PBXGroup;
			children = (
				70FE54442A6E6392005CF966 /* HomeDIContainer.swift */,
				70FE54482A6E6AA0005CF966 /* HomeViewController.swift */,
			);
			path = Home;
			sourceTree = "<group>";
		};
/* End PBXGroup section */

/* Begin PBXNativeTarget section */
		7000A0562A68DE9000AA442F /* Draw */ = {
			isa = PBXNativeTarget;
			buildConfigurationList = 7000A06B2A68DE9100AA442F /* Build configuration list for PBXNativeTarget "Draw" */;
			buildPhases = (
				7000A0532A68DE9000AA442F /* Sources */,
				7000A0542A68DE9000AA442F /* Frameworks */,
				7000A0552A68DE9000AA442F /* Resources */,
			);
			buildRules = (
			);
			dependencies = (
			);
			name = Draw;
			packageProductDependencies = (
				70CC32172A6E7576002282AE /* SnapKit */,
				70CC322C2A6F955D002282AE /* RxBlocking */,
				70CC322E2A6F955D002282AE /* RxCocoa */,
				70CC32302A6F955D002282AE /* RxRelay */,
				70CC32322A6F955D002282AE /* RxSwift */,
			);
			productName = Draw;
			productReference = 7000A0572A68DE9000AA442F /* Draw.app */;
			productType = "com.apple.product-type.application";
		};
		70CC32392A6FA18D002282AE /* DrawTests */ = {
			isa = PBXNativeTarget;
			buildConfigurationList = 70CC32402A6FA18D002282AE /* Build configuration list for PBXNativeTarget "DrawTests" */;
			buildPhases = (
				70CC32362A6FA18D002282AE /* Sources */,
				70CC32372A6FA18D002282AE /* Frameworks */,
				70CC32382A6FA18D002282AE /* Resources */,
			);
			buildRules = (
			);
			dependencies = (
				70CC323F2A6FA18D002282AE /* PBXTargetDependency */,
			);
			name = DrawTests;
			productName = DrawTests;
			productReference = 70CC323A2A6FA18D002282AE /* DrawTests.xctest */;
			productType = "com.apple.product-type.bundle.unit-test";
		};
/* End PBXNativeTarget section */

/* Begin PBXProject section */
		7000A04F2A68DE9000AA442F /* Project object */ = {
			isa = PBXProject;
			attributes = {
				BuildIndependentTargetsInParallel = 1;
				LastSwiftUpdateCheck = 1430;
				LastUpgradeCheck = 1430;
				TargetAttributes = {
					7000A0562A68DE9000AA442F = {
						CreatedOnToolsVersion = 14.3.1;
					};
					70CC32392A6FA18D002282AE = {
						CreatedOnToolsVersion = 14.3.1;
						TestTargetID = 7000A0562A68DE9000AA442F;
					};
				};
			};
			buildConfigurationList = 7000A0522A68DE9000AA442F /* Build configuration list for PBXProject "Draw" */;
			compatibilityVersion = "Xcode 14.0";
			developmentRegion = en;
			hasScannedForEncodings = 0;
			knownRegions = (
				en,
				Base,
			);
			mainGroup = 7000A04E2A68DE9000AA442F;
			packageReferences = (
				70CC32162A6E7576002282AE /* XCRemoteSwiftPackageReference "SnapKit" */,
				70CC322B2A6F955D002282AE /* XCRemoteSwiftPackageReference "RxSwift" */,
			);
			productRefGroup = 7000A0582A68DE9000AA442F /* Products */;
			projectDirPath = "";
			projectRoot = "";
			targets = (
				7000A0562A68DE9000AA442F /* Draw */,
				70CC32392A6FA18D002282AE /* DrawTests */,
			);
		};
/* End PBXProject section */

/* Begin PBXResourcesBuildPhase section */
		7000A0552A68DE9000AA442F /* Resources */ = {
			isa = PBXResourcesBuildPhase;
			buildActionMask = 2147483647;
			files = (
				7000A0672A68DE9100AA442F /* LaunchScreen.storyboard in Resources */,
				7000A0642A68DE9100AA442F /* Assets.xcassets in Resources */,
				7000A0622A68DE9000AA442F /* Main.storyboard in Resources */,
			);
			runOnlyForDeploymentPostprocessing = 0;
		};
		70CC32382A6FA18D002282AE /* Resources */ = {
			isa = PBXResourcesBuildPhase;
			buildActionMask = 2147483647;
			files = (
			);
			runOnlyForDeploymentPostprocessing = 0;
		};
/* End PBXResourcesBuildPhase section */

/* Begin PBXSourcesBuildPhase section */
		7000A0532A68DE9000AA442F /* Sources */ = {
			isa = PBXSourcesBuildPhase;
			buildActionMask = 2147483647;
			files = (
				70FE54412A6E564B005CF966 /* TabBarDIContainer.swift in Sources */,
				705B84142A68EAB300B30CBC /* Observable.swift in Sources */,
				705B83E32A68E24500B30CBC /* DataTransferService.swift in Sources */,
				705B84252A68F0F500B30CBC /* TrendingRepositoriesRepository.swift in Sources */,
				705B83E72A68E2A700B30CBC /* Endpoint.swift in Sources */,
				705B84212A68F0B900B30CBC /* TrendingRepositoriesPage.swift in Sources */,
				705B842D2A68F2F200B30CBC /* APIEndpoints.swift in Sources */,
				705B84412A68F49000B30CBC /* TrendingRepositoriesPageDto+Mapping.swift in Sources */,
				705B84492A691FA200B30CBC /* OwnerEntity+Mapping.swift in Sources */,
				7000A0702A68DF0000AA442F /* AppDIContainer.swift in Sources */,
				705B844D2A691FCA00B30CBC /* TrendingRepositoriesPageEntity+Mapping.swift in Sources */,
				705B84632A69218B00B30CBC /* DefaultImagesRepository.swift in Sources */,
				705B83E52A68E26000B30CBC /* NetworkService.swift in Sources */,
				705B840E2A68E9A000B30CBC /* Error+UIError.swift in Sources */,
				705B845C2A69208700B30CBC /* CoreDataStorage.xcdatamodeld in Sources */,
				70FE54452A6E6392005CF966 /* HomeDIContainer.swift in Sources */,
				70CC32282A6F94E4002282AE /* BaseTableViewCell.swift in Sources */,
				7000A0722A68DF1200AA442F /* AppConfiguration.swift in Sources */,
				705B84122A68EA4E00B30CBC /* UITableView+DequeueReusableCell.swift in Sources */,
				705B83FD2A68E6BE00B30CBC /* TrendingRepositoryListItemCell.swift in Sources */,
				705B84512A691FF100B30CBC /* CoreDataTrendingRepositoriesStorage.swift in Sources */,
				705B84372A68F42D00B30CBC /* OwnerDto+Mapping.swift in Sources */,
				705B844B2A691FB700B30CBC /* RepositoryEntity+Mapping.swift in Sources */,
				705B84592A69206000B30CBC /* CoreDataStorage.swift in Sources */,
				705B84392A68F44000B30CBC /* OwnerDto.swift in Sources */,
				705B841D2A68F08F00B30CBC /* Owner.swift in Sources */,
				705B84102A68EA3C00B30CBC /* UIViewController+AddChild.swift in Sources */,
				705B83F02A68E53600B30CBC /* TrendingRepositoriesListViewModel.swift in Sources */,
				705B84272A68F10A00B30CBC /* ImagesRepository.swift in Sources */,
				705B843B2A68F45500B30CBC /* Repository+Mapping.swift in Sources */,
				70CC32252A6F94E4002282AE /* BaseCollectionViewCell.swift in Sources */,
				7000A05F2A68DE9000AA442F /* ViewController.swift in Sources */,
				705B83E92A68E2CA00B30CBC /* NetworkConfig.swift in Sources */,
				705B843D2A68F46C00B30CBC /* RepositoryDto.swift in Sources */,
				705B845F2A6920AE00B30CBC /* DispatchQueueType.swift in Sources */,
				7000A05B2A68DE9000AA442F /* AppDelegate.swift in Sources */,
				70CC32462A6FACBD002282AE /* UIView+Extensions.swift in Sources */,
				705B84032A68E70200B30CBC /* TrendingRepositoriesListTableViewController.swift in Sources */,
				70CC32292A6F94E4002282AE /* BaseCollectionReusableView.swift in Sources */,
				70FE54492A6E6AA0005CF966 /* HomeViewController.swift in Sources */,
				705B84342A68F3FB00B30CBC /* ImagesRequestQuery.swift in Sources */,
				70CC32482A6FADD6002282AE /* UIBezierPath+Extension.swift in Sources */,
				70CC322A2A6F94E4002282AE /* BaseViewController.swift in Sources */,
				705B84542A69202700B30CBC /* ImagesStorage.swift in Sources */,
				70CC321D2A6E7A3D002282AE /* QuestionViewController.swift in Sources */,
				705B840A2A68E8AB00B30CBC /* Images+TrendingRepositoriesFeature.swift in Sources */,
				705B841F2A68F0A000B30CBC /* Repository.swift in Sources */,
				705B84612A6920BF00B30CBC /* Cancellable.swift in Sources */,
				705B84062A68E87800B30CBC /* TrendingRepositoriesFlowCoordinator.swift in Sources */,
				705B84442A68F4CB00B30CBC /* DefaultTrendingRepositoriesRepository.swift in Sources */,
				705B844F2A691FDD00B30CBC /* TrendingRepositoriesStorage.swift in Sources */,
				705B84162A68EAC400B30CBC /* SkeletonLoadable.swift in Sources */,
				70CC321B2A6E7A31002282AE /* QuestionDIContainer.swift in Sources */,
				70CC32442A6FAB18002282AE /* DrawTabBarController.swift in Sources */,
				7000A0742A68DF2300AA442F /* AppFlowCoordinator.swift in Sources */,
				705B841A2A68F01200B30CBC /* FetchTrendingRepositoriesUseCase.swift in Sources */,
				705B84082A68E89700B30CBC /* Localizations+TrendingRepositoriesFeature.swift in Sources */,
				705B83F92A68E68E00B30CBC /* TrendingRepositoriesListViewController.swift in Sources */,
				7000A05D2A68DE9000AA442F /* SceneDelegate.swift in Sources */,
				705B83F32A68E59500B30CBC /* TrendingRepositoriesListItemViewModel.swift in Sources */,
				705B83ED2A68E34100B30CBC /* TrendingRepositoriesFeatureDIContainer.swift in Sources */,
				705B84012A68E6EB00B30CBC /* TrendingRepositoryListEmptyItemCell.swift in Sources */,
				705B84662A6921BA00B30CBC /* RepositoryTask.swift in Sources */,
				705B83F62A68E5D700B30CBC /* TrendingRepositoriesListContentViewModel.swift in Sources */,
				705B84322A68F3E800B30CBC /* TrendingRepositoriesRequestQuery.swift in Sources */,
				705B83FF2A68E6DB00B30CBC /* TrendingRepositoryListLoadingItemCell.swift in Sources */,
				70FE54472A6E63B6005CF966 /* TabBarFlowCoordinator.swift in Sources */,
				705B84562A69203A00B30CBC /* CoreDataImagesStorage.swift in Sources */,
				705B843F2A68F47D00B30CBC /* TrendingRepositoriesPageDto.swift in Sources */,
				70CC32262A6F94E4002282AE /* BaseView.swift in Sources */,
			);
			runOnlyForDeploymentPostprocessing = 0;
		};
		70CC32362A6FA18D002282AE /* Sources */ = {
			isa = PBXSourcesBuildPhase;
			buildActionMask = 2147483647;
			files = (
				70CC323D2A6FA18D002282AE /* DrawTests.swift in Sources */,
			);
			runOnlyForDeploymentPostprocessing = 0;
		};
/* End PBXSourcesBuildPhase section */

/* Begin PBXTargetDependency section */
		70CC323F2A6FA18D002282AE /* PBXTargetDependency */ = {
			isa = PBXTargetDependency;
			target = 7000A0562A68DE9000AA442F /* Draw */;
			targetProxy = 70CC323E2A6FA18D002282AE /* PBXContainerItemProxy */;
		};
/* End PBXTargetDependency section */

/* Begin PBXVariantGroup section */
		7000A0602A68DE9000AA442F /* Main.storyboard */ = {
			isa = PBXVariantGroup;
			children = (
				7000A0612A68DE9000AA442F /* Base */,
			);
			name = Main.storyboard;
			sourceTree = "<group>";
		};
		7000A0652A68DE9100AA442F /* LaunchScreen.storyboard */ = {
			isa = PBXVariantGroup;
			children = (
				7000A0662A68DE9100AA442F /* Base */,
			);
			name = LaunchScreen.storyboard;
			sourceTree = "<group>";
		};
/* End PBXVariantGroup section */

/* Begin XCBuildConfiguration section */
		7000A0692A68DE9100AA442F /* Debug */ = {
			isa = XCBuildConfiguration;
			buildSettings = {
				ALWAYS_SEARCH_USER_PATHS = NO;
				CLANG_ANALYZER_NONNULL = YES;
				CLANG_ANALYZER_NUMBER_OBJECT_CONVERSION = YES_AGGRESSIVE;
				CLANG_CXX_LANGUAGE_STANDARD = "gnu++20";
				CLANG_ENABLE_MODULES = YES;
				CLANG_ENABLE_OBJC_ARC = YES;
				CLANG_ENABLE_OBJC_WEAK = YES;
				CLANG_WARN_BLOCK_CAPTURE_AUTORELEASING = YES;
				CLANG_WARN_BOOL_CONVERSION = YES;
				CLANG_WARN_COMMA = YES;
				CLANG_WARN_CONSTANT_CONVERSION = YES;
				CLANG_WARN_DEPRECATED_OBJC_IMPLEMENTATIONS = YES;
				CLANG_WARN_DIRECT_OBJC_ISA_USAGE = YES_ERROR;
				CLANG_WARN_DOCUMENTATION_COMMENTS = YES;
				CLANG_WARN_EMPTY_BODY = YES;
				CLANG_WARN_ENUM_CONVERSION = YES;
				CLANG_WARN_INFINITE_RECURSION = YES;
				CLANG_WARN_INT_CONVERSION = YES;
				CLANG_WARN_NON_LITERAL_NULL_CONVERSION = YES;
				CLANG_WARN_OBJC_IMPLICIT_RETAIN_SELF = YES;
				CLANG_WARN_OBJC_LITERAL_CONVERSION = YES;
				CLANG_WARN_OBJC_ROOT_CLASS = YES_ERROR;
				CLANG_WARN_QUOTED_INCLUDE_IN_FRAMEWORK_HEADER = YES;
				CLANG_WARN_RANGE_LOOP_ANALYSIS = YES;
				CLANG_WARN_STRICT_PROTOTYPES = YES;
				CLANG_WARN_SUSPICIOUS_MOVE = YES;
				CLANG_WARN_UNGUARDED_AVAILABILITY = YES_AGGRESSIVE;
				CLANG_WARN_UNREACHABLE_CODE = YES;
				CLANG_WARN__DUPLICATE_METHOD_MATCH = YES;
				COPY_PHASE_STRIP = NO;
				DEBUG_INFORMATION_FORMAT = dwarf;
				ENABLE_STRICT_OBJC_MSGSEND = YES;
				ENABLE_TESTABILITY = YES;
				GCC_C_LANGUAGE_STANDARD = gnu11;
				GCC_DYNAMIC_NO_PIC = NO;
				GCC_NO_COMMON_BLOCKS = YES;
				GCC_OPTIMIZATION_LEVEL = 0;
				GCC_PREPROCESSOR_DEFINITIONS = (
					"DEBUG=1",
					"$(inherited)",
				);
				GCC_WARN_64_TO_32_BIT_CONVERSION = YES;
				GCC_WARN_ABOUT_RETURN_TYPE = YES_ERROR;
				GCC_WARN_UNDECLARED_SELECTOR = YES;
				GCC_WARN_UNINITIALIZED_AUTOS = YES_AGGRESSIVE;
				GCC_WARN_UNUSED_FUNCTION = YES;
				GCC_WARN_UNUSED_VARIABLE = YES;
				IPHONEOS_DEPLOYMENT_TARGET = 16.4;
				MTL_ENABLE_DEBUG_INFO = INCLUDE_SOURCE;
				MTL_FAST_MATH = YES;
				ONLY_ACTIVE_ARCH = YES;
				SDKROOT = iphoneos;
				SWIFT_ACTIVE_COMPILATION_CONDITIONS = DEBUG;
				SWIFT_OPTIMIZATION_LEVEL = "-Onone";
			};
			name = Debug;
		};
		7000A06A2A68DE9100AA442F /* Release */ = {
			isa = XCBuildConfiguration;
			buildSettings = {
				ALWAYS_SEARCH_USER_PATHS = NO;
				CLANG_ANALYZER_NONNULL = YES;
				CLANG_ANALYZER_NUMBER_OBJECT_CONVERSION = YES_AGGRESSIVE;
				CLANG_CXX_LANGUAGE_STANDARD = "gnu++20";
				CLANG_ENABLE_MODULES = YES;
				CLANG_ENABLE_OBJC_ARC = YES;
				CLANG_ENABLE_OBJC_WEAK = YES;
				CLANG_WARN_BLOCK_CAPTURE_AUTORELEASING = YES;
				CLANG_WARN_BOOL_CONVERSION = YES;
				CLANG_WARN_COMMA = YES;
				CLANG_WARN_CONSTANT_CONVERSION = YES;
				CLANG_WARN_DEPRECATED_OBJC_IMPLEMENTATIONS = YES;
				CLANG_WARN_DIRECT_OBJC_ISA_USAGE = YES_ERROR;
				CLANG_WARN_DOCUMENTATION_COMMENTS = YES;
				CLANG_WARN_EMPTY_BODY = YES;
				CLANG_WARN_ENUM_CONVERSION = YES;
				CLANG_WARN_INFINITE_RECURSION = YES;
				CLANG_WARN_INT_CONVERSION = YES;
				CLANG_WARN_NON_LITERAL_NULL_CONVERSION = YES;
				CLANG_WARN_OBJC_IMPLICIT_RETAIN_SELF = YES;
				CLANG_WARN_OBJC_LITERAL_CONVERSION = YES;
				CLANG_WARN_OBJC_ROOT_CLASS = YES_ERROR;
				CLANG_WARN_QUOTED_INCLUDE_IN_FRAMEWORK_HEADER = YES;
				CLANG_WARN_RANGE_LOOP_ANALYSIS = YES;
				CLANG_WARN_STRICT_PROTOTYPES = YES;
				CLANG_WARN_SUSPICIOUS_MOVE = YES;
				CLANG_WARN_UNGUARDED_AVAILABILITY = YES_AGGRESSIVE;
				CLANG_WARN_UNREACHABLE_CODE = YES;
				CLANG_WARN__DUPLICATE_METHOD_MATCH = YES;
				COPY_PHASE_STRIP = NO;
				DEBUG_INFORMATION_FORMAT = "dwarf-with-dsym";
				ENABLE_NS_ASSERTIONS = NO;
				ENABLE_STRICT_OBJC_MSGSEND = YES;
				ENABLE_TESTABILITY = NO;
				GCC_C_LANGUAGE_STANDARD = gnu11;
				GCC_NO_COMMON_BLOCKS = YES;
				GCC_WARN_64_TO_32_BIT_CONVERSION = YES;
				GCC_WARN_ABOUT_RETURN_TYPE = YES_ERROR;
				GCC_WARN_UNDECLARED_SELECTOR = YES;
				GCC_WARN_UNINITIALIZED_AUTOS = YES_AGGRESSIVE;
				GCC_WARN_UNUSED_FUNCTION = YES;
				GCC_WARN_UNUSED_VARIABLE = YES;
				IPHONEOS_DEPLOYMENT_TARGET = 16.4;
				MTL_ENABLE_DEBUG_INFO = NO;
				MTL_FAST_MATH = YES;
				SDKROOT = iphoneos;
				SWIFT_COMPILATION_MODE = wholemodule;
				SWIFT_OPTIMIZATION_LEVEL = "-O";
				VALIDATE_PRODUCT = YES;
			};
			name = Release;
		};
		7000A06C2A68DE9100AA442F /* Debug */ = {
			isa = XCBuildConfiguration;
			buildSettings = {
				ASSETCATALOG_COMPILER_APPICON_NAME = AppIcon;
				ASSETCATALOG_COMPILER_GLOBAL_ACCENT_COLOR_NAME = AccentColor;
				CODE_SIGN_STYLE = Automatic;
				CURRENT_PROJECT_VERSION = 1;
				DEVELOPMENT_TEAM = X64MATB2CC;
				GENERATE_INFOPLIST_FILE = YES;
				INFOPLIST_FILE = Draw/Info.plist;
				INFOPLIST_KEY_UIApplicationSupportsIndirectInputEvents = YES;
				INFOPLIST_KEY_UILaunchStoryboardName = LaunchScreen;
				INFOPLIST_KEY_UIMainStoryboardFile = Main;
				INFOPLIST_KEY_UISupportedInterfaceOrientations_iPad = "UIInterfaceOrientationPortrait UIInterfaceOrientationPortraitUpsideDown UIInterfaceOrientationLandscapeLeft UIInterfaceOrientationLandscapeRight";
				INFOPLIST_KEY_UISupportedInterfaceOrientations_iPhone = "UIInterfaceOrientationPortrait UIInterfaceOrientationLandscapeLeft UIInterfaceOrientationLandscapeRight";
				LD_RUNPATH_SEARCH_PATHS = (
					"$(inherited)",
					"@executable_path/Frameworks",
				);
				MARKETING_VERSION = 1.0;
				PRODUCT_BUNDLE_IDENTIFIER = com.annapo.Draw;
				PRODUCT_NAME = "$(TARGET_NAME)";
				SWIFT_EMIT_LOC_STRINGS = YES;
				SWIFT_VERSION = 5.0;
				TARGETED_DEVICE_FAMILY = "1,2";
			};
			name = Debug;
		};
		7000A06D2A68DE9100AA442F /* Release */ = {
			isa = XCBuildConfiguration;
			buildSettings = {
				ASSETCATALOG_COMPILER_APPICON_NAME = AppIcon;
				ASSETCATALOG_COMPILER_GLOBAL_ACCENT_COLOR_NAME = AccentColor;
				CODE_SIGN_STYLE = Automatic;
				CURRENT_PROJECT_VERSION = 1;
				DEVELOPMENT_TEAM = X64MATB2CC;
				GENERATE_INFOPLIST_FILE = YES;
				INFOPLIST_FILE = Draw/Info.plist;
				INFOPLIST_KEY_UIApplicationSupportsIndirectInputEvents = YES;
				INFOPLIST_KEY_UILaunchStoryboardName = LaunchScreen;
				INFOPLIST_KEY_UIMainStoryboardFile = Main;
				INFOPLIST_KEY_UISupportedInterfaceOrientations_iPad = "UIInterfaceOrientationPortrait UIInterfaceOrientationPortraitUpsideDown UIInterfaceOrientationLandscapeLeft UIInterfaceOrientationLandscapeRight";
				INFOPLIST_KEY_UISupportedInterfaceOrientations_iPhone = "UIInterfaceOrientationPortrait UIInterfaceOrientationLandscapeLeft UIInterfaceOrientationLandscapeRight";
				LD_RUNPATH_SEARCH_PATHS = (
					"$(inherited)",
					"@executable_path/Frameworks",
				);
				MARKETING_VERSION = 1.0;
				PRODUCT_BUNDLE_IDENTIFIER = com.annapo.Draw;
				PRODUCT_NAME = "$(TARGET_NAME)";
				SWIFT_EMIT_LOC_STRINGS = YES;
				SWIFT_VERSION = 5.0;
				TARGETED_DEVICE_FAMILY = "1,2";
			};
			name = Release;
		};
		70CC32412A6FA18D002282AE /* Debug */ = {
			isa = XCBuildConfiguration;
			buildSettings = {
				BUNDLE_LOADER = "$(TEST_HOST)";
				CODE_SIGN_STYLE = Automatic;
				CURRENT_PROJECT_VERSION = 1;
				DEVELOPMENT_TEAM = X64MATB2CC;
				GENERATE_INFOPLIST_FILE = YES;
				MARKETING_VERSION = 1.0;
				PRODUCT_BUNDLE_IDENTIFIER = com.annapo.DrawTests;
				PRODUCT_NAME = "$(TARGET_NAME)";
				SWIFT_EMIT_LOC_STRINGS = NO;
				SWIFT_VERSION = 5.0;
				TARGETED_DEVICE_FAMILY = "1,2";
				TEST_HOST = "$(BUILT_PRODUCTS_DIR)/Draw.app/$(BUNDLE_EXECUTABLE_FOLDER_PATH)/Draw";
			};
			name = Debug;
		};
		70CC32422A6FA18D002282AE /* Release */ = {
			isa = XCBuildConfiguration;
			buildSettings = {
				BUNDLE_LOADER = "$(TEST_HOST)";
				CODE_SIGN_STYLE = Automatic;
				CURRENT_PROJECT_VERSION = 1;
				DEVELOPMENT_TEAM = X64MATB2CC;
				GENERATE_INFOPLIST_FILE = YES;
				MARKETING_VERSION = 1.0;
				PRODUCT_BUNDLE_IDENTIFIER = com.annapo.DrawTests;
				PRODUCT_NAME = "$(TARGET_NAME)";
				SWIFT_EMIT_LOC_STRINGS = NO;
				SWIFT_VERSION = 5.0;
				TARGETED_DEVICE_FAMILY = "1,2";
				TEST_HOST = "$(BUILT_PRODUCTS_DIR)/Draw.app/$(BUNDLE_EXECUTABLE_FOLDER_PATH)/Draw";
			};
			name = Release;
		};
/* End XCBuildConfiguration section */

/* Begin XCConfigurationList section */
		7000A0522A68DE9000AA442F /* Build configuration list for PBXProject "Draw" */ = {
			isa = XCConfigurationList;
			buildConfigurations = (
				7000A0692A68DE9100AA442F /* Debug */,
				7000A06A2A68DE9100AA442F /* Release */,
			);
			defaultConfigurationIsVisible = 0;
			defaultConfigurationName = Release;
		};
		7000A06B2A68DE9100AA442F /* Build configuration list for PBXNativeTarget "Draw" */ = {
			isa = XCConfigurationList;
			buildConfigurations = (
				7000A06C2A68DE9100AA442F /* Debug */,
				7000A06D2A68DE9100AA442F /* Release */,
			);
			defaultConfigurationIsVisible = 0;
			defaultConfigurationName = Release;
		};
		70CC32402A6FA18D002282AE /* Build configuration list for PBXNativeTarget "DrawTests" */ = {
			isa = XCConfigurationList;
			buildConfigurations = (
				70CC32412A6FA18D002282AE /* Debug */,
				70CC32422A6FA18D002282AE /* Release */,
			);
			defaultConfigurationIsVisible = 0;
			defaultConfigurationName = Release;
		};
/* End XCConfigurationList section */

/* Begin XCRemoteSwiftPackageReference section */
		70CC32162A6E7576002282AE /* XCRemoteSwiftPackageReference "SnapKit" */ = {
			isa = XCRemoteSwiftPackageReference;
			repositoryURL = "https://github.com/SnapKit/SnapKit.git";
			requirement = {
				kind = upToNextMajorVersion;
				minimumVersion = 5.0.0;
			};
		};
		70CC322B2A6F955D002282AE /* XCRemoteSwiftPackageReference "RxSwift" */ = {
			isa = XCRemoteSwiftPackageReference;
			repositoryURL = "https://github.com/ReactiveX/RxSwift";
			requirement = {
				kind = upToNextMajorVersion;
				minimumVersion = 6.0.0;
			};
		};
/* End XCRemoteSwiftPackageReference section */

/* Begin XCSwiftPackageProductDependency section */
		70CC32172A6E7576002282AE /* SnapKit */ = {
			isa = XCSwiftPackageProductDependency;
			package = 70CC32162A6E7576002282AE /* XCRemoteSwiftPackageReference "SnapKit" */;
			productName = SnapKit;
		};
		70CC322C2A6F955D002282AE /* RxBlocking */ = {
			isa = XCSwiftPackageProductDependency;
			package = 70CC322B2A6F955D002282AE /* XCRemoteSwiftPackageReference "RxSwift" */;
			productName = RxBlocking;
		};
		70CC322E2A6F955D002282AE /* RxCocoa */ = {
			isa = XCSwiftPackageProductDependency;
			package = 70CC322B2A6F955D002282AE /* XCRemoteSwiftPackageReference "RxSwift" */;
			productName = RxCocoa;
		};
		70CC32302A6F955D002282AE /* RxRelay */ = {
			isa = XCSwiftPackageProductDependency;
			package = 70CC322B2A6F955D002282AE /* XCRemoteSwiftPackageReference "RxSwift" */;
			productName = RxRelay;
		};
		70CC32322A6F955D002282AE /* RxSwift */ = {
			isa = XCSwiftPackageProductDependency;
			package = 70CC322B2A6F955D002282AE /* XCRemoteSwiftPackageReference "RxSwift" */;
			productName = RxSwift;
		};
/* End XCSwiftPackageProductDependency section */

/* Begin XCVersionGroup section */
		705B845A2A69208700B30CBC /* CoreDataStorage.xcdatamodeld */ = {
			isa = XCVersionGroup;
			children = (
				705B845B2A69208700B30CBC /* CoreDataStorage.xcdatamodel */,
			);
			currentVersion = 705B845B2A69208700B30CBC /* CoreDataStorage.xcdatamodel */;
			path = CoreDataStorage.xcdatamodeld;
			sourceTree = "<group>";
			versionGroupType = wrapper.xcdatamodel;
		};
/* End XCVersionGroup section */
	};
	rootObject = 7000A04F2A68DE9000AA442F /* Project object */;
}
