// !$*UTF8*$!
{
	archiveVersion = 1;
	classes = {
	};
	objectVersion = 56;
	objects = {

/* Begin PBXBuildFile section */
		7000A8D32A70C6B800431275 /* RootApp.swift in Sources */ = {isa = PBXBuildFile; fileRef = 7000A8D22A70C6B800431275 /* RootApp.swift */; };
		7000A8D72A70C6B900431275 /* Assets.xcassets in Resources */ = {isa = PBXBuildFile; fileRef = 7000A8D62A70C6B900431275 /* Assets.xcassets */; };
		7000A8DA2A70C6B900431275 /* Preview Assets.xcassets in Resources */ = {isa = PBXBuildFile; fileRef = 7000A8D92A70C6B900431275 /* Preview Assets.xcassets */; };
		7000A8E42A70C6B900431275 /* Draw_iOSTests.swift in Sources */ = {isa = PBXBuildFile; fileRef = 7000A8E32A70C6B900431275 /* Draw_iOSTests.swift */; };
		7000A8EE2A70C6B900431275 /* Draw_iOSUITests.swift in Sources */ = {isa = PBXBuildFile; fileRef = 7000A8ED2A70C6B900431275 /* Draw_iOSUITests.swift */; };
		7000A8F02A70C6B900431275 /* Draw_iOSUITestsLaunchTests.swift in Sources */ = {isa = PBXBuildFile; fileRef = 7000A8EF2A70C6B900431275 /* Draw_iOSUITestsLaunchTests.swift */; };
		7038E2CE2A7D3C9B0036756C /* WebMessageSendType.swift in Sources */ = {isa = PBXBuildFile; fileRef = 7038E2CD2A7D3C9B0036756C /* WebMessageSendType.swift */; };
		7038E2D02A7D44690036756C /* WebPathType.swift in Sources */ = {isa = PBXBuildFile; fileRef = 7038E2CF2A7D44690036756C /* WebPathType.swift */; };
		7038E2D32A7D46900036756C /* MainScene.swift in Sources */ = {isa = PBXBuildFile; fileRef = 7038E2D22A7D46900036756C /* MainScene.swift */; };
		7053330F2A777B2300925CD9 /* WebMessageHandler.swift in Sources */ = {isa = PBXBuildFile; fileRef = 7053330E2A777B2300925CD9 /* WebMessageHandler.swift */; };
		705333192A777D9700925CD9 /* NotificationCenter+Extension.swift in Sources */ = {isa = PBXBuildFile; fileRef = 705333182A777D9700925CD9 /* NotificationCenter+Extension.swift */; };
		7053331B2A77805200925CD9 /* WebMessageReceiveType.swift in Sources */ = {isa = PBXBuildFile; fileRef = 7053331A2A77805200925CD9 /* WebMessageReceiveType.swift */; };
		7070585F2A764B9F00B4F63F /* WebView.swift in Sources */ = {isa = PBXBuildFile; fileRef = 7070585E2A764B9F00B4F63F /* WebView.swift */; };
		707058612A775CAD00B4F63F /* ContentController.swift in Sources */ = {isa = PBXBuildFile; fileRef = 707058602A775CAD00B4F63F /* ContentController.swift */; };
		7087F96F2A778A9400760EE3 /* ActivityViewController.swift in Sources */ = {isa = PBXBuildFile; fileRef = 7087F96E2A778A9400760EE3 /* ActivityViewController.swift */; };
		708F302C2A7A3EEC00152D0E /* AppDelegate.swift in Sources */ = {isa = PBXBuildFile; fileRef = 708F302B2A7A3EEC00152D0E /* AppDelegate.swift */; };
		708F302F2A7A40C700152D0E /* FirebaseMessaging in Frameworks */ = {isa = PBXBuildFile; productRef = 708F302E2A7A40C700152D0E /* FirebaseMessaging */; };
		708F30312A7A439000152D0E /* GoogleService-Info.plist in Resources */ = {isa = PBXBuildFile; fileRef = 708F30302A7A439000152D0E /* GoogleService-Info.plist */; };
		70BF67BE2A75743000AFB25F /* Bundle+Extension.swift in Sources */ = {isa = PBXBuildFile; fileRef = 70BF67BD2A75743000AFB25F /* Bundle+Extension.swift */; };
		70BF67C12A75767000AFB25F /* Url+Extension.swift in Sources */ = {isa = PBXBuildFile; fileRef = 70BF67C02A75767000AFB25F /* Url+Extension.swift */; };
		70BF67C42A7640A200AFB25F /* ComposableArchitecture in Frameworks */ = {isa = PBXBuildFile; productRef = 70BF67C32A7640A200AFB25F /* ComposableArchitecture */; };
		70BF67C82A76412300AFB25F /* MainTabView.swift in Sources */ = {isa = PBXBuildFile; fileRef = 70BF67C72A76412300AFB25F /* MainTabView.swift */; };
		70BF67CA2A76415000AFB25F /* MainTabStore.swift in Sources */ = {isa = PBXBuildFile; fileRef = 70BF67C92A76415000AFB25F /* MainTabStore.swift */; };
		70BF67CC2A76419900AFB25F /* RootView.swift in Sources */ = {isa = PBXBuildFile; fileRef = 70BF67CB2A76419900AFB25F /* RootView.swift */; };
		70BF67CE2A7641A700AFB25F /* RootStore.swift in Sources */ = {isa = PBXBuildFile; fileRef = 70BF67CD2A7641A700AFB25F /* RootStore.swift */; };
		70BF67D72A76435F00AFB25F /* FeedView.swift in Sources */ = {isa = PBXBuildFile; fileRef = 70BF67D62A76435F00AFB25F /* FeedView.swift */; };
		70BF67D92A76436900AFB25F /* MyPageView.swift in Sources */ = {isa = PBXBuildFile; fileRef = 70BF67D82A76436900AFB25F /* MyPageView.swift */; };
		70BF67DB2A76436F00AFB25F /* QuestionView.swift in Sources */ = {isa = PBXBuildFile; fileRef = 70BF67DA2A76436F00AFB25F /* QuestionView.swift */; };
		70BF67E12A76439A00AFB25F /* QuestionStore.swift in Sources */ = {isa = PBXBuildFile; fileRef = 70BF67E02A76439A00AFB25F /* QuestionStore.swift */; };
		70BF67E32A76439E00AFB25F /* FeedStore.swift in Sources */ = {isa = PBXBuildFile; fileRef = 70BF67E22A76439E00AFB25F /* FeedStore.swift */; };
		70BF67E52A7643A400AFB25F /* MyPageStore.swift in Sources */ = {isa = PBXBuildFile; fileRef = 70BF67E42A7643A400AFB25F /* MyPageStore.swift */; };
/* End PBXBuildFile section */

/* Begin PBXContainerItemProxy section */
		7000A8E02A70C6B900431275 /* PBXContainerItemProxy */ = {
			isa = PBXContainerItemProxy;
			containerPortal = 7000A8C72A70C6B800431275 /* Project object */;
			proxyType = 1;
			remoteGlobalIDString = 7000A8CE2A70C6B800431275;
			remoteInfo = "Draw-iOS";
		};
		7000A8EA2A70C6B900431275 /* PBXContainerItemProxy */ = {
			isa = PBXContainerItemProxy;
			containerPortal = 7000A8C72A70C6B800431275 /* Project object */;
			proxyType = 1;
			remoteGlobalIDString = 7000A8CE2A70C6B800431275;
			remoteInfo = "Draw-iOS";
		};
/* End PBXContainerItemProxy section */

/* Begin PBXFileReference section */
		7000A8CF2A70C6B800431275 /* Draw-iOS.app */ = {isa = PBXFileReference; explicitFileType = wrapper.application; includeInIndex = 0; path = "Draw-iOS.app"; sourceTree = BUILT_PRODUCTS_DIR; };
		7000A8D22A70C6B800431275 /* RootApp.swift */ = {isa = PBXFileReference; lastKnownFileType = sourcecode.swift; path = RootApp.swift; sourceTree = "<group>"; };
		7000A8D62A70C6B900431275 /* Assets.xcassets */ = {isa = PBXFileReference; lastKnownFileType = folder.assetcatalog; path = Assets.xcassets; sourceTree = "<group>"; };
		7000A8D92A70C6B900431275 /* Preview Assets.xcassets */ = {isa = PBXFileReference; lastKnownFileType = folder.assetcatalog; path = "Preview Assets.xcassets"; sourceTree = "<group>"; };
		7000A8DF2A70C6B900431275 /* Draw-iOSTests.xctest */ = {isa = PBXFileReference; explicitFileType = wrapper.cfbundle; includeInIndex = 0; path = "Draw-iOSTests.xctest"; sourceTree = BUILT_PRODUCTS_DIR; };
		7000A8E32A70C6B900431275 /* Draw_iOSTests.swift */ = {isa = PBXFileReference; lastKnownFileType = sourcecode.swift; path = Draw_iOSTests.swift; sourceTree = "<group>"; };
		7000A8E92A70C6B900431275 /* Draw-iOSUITests.xctest */ = {isa = PBXFileReference; explicitFileType = wrapper.cfbundle; includeInIndex = 0; path = "Draw-iOSUITests.xctest"; sourceTree = BUILT_PRODUCTS_DIR; };
		7000A8ED2A70C6B900431275 /* Draw_iOSUITests.swift */ = {isa = PBXFileReference; lastKnownFileType = sourcecode.swift; path = Draw_iOSUITests.swift; sourceTree = "<group>"; };
		7000A8EF2A70C6B900431275 /* Draw_iOSUITestsLaunchTests.swift */ = {isa = PBXFileReference; lastKnownFileType = sourcecode.swift; path = Draw_iOSUITestsLaunchTests.swift; sourceTree = "<group>"; };
		7038E2CD2A7D3C9B0036756C /* WebMessageSendType.swift */ = {isa = PBXFileReference; lastKnownFileType = sourcecode.swift; path = WebMessageSendType.swift; sourceTree = "<group>"; };
		7038E2CF2A7D44690036756C /* WebPathType.swift */ = {isa = PBXFileReference; lastKnownFileType = sourcecode.swift; path = WebPathType.swift; sourceTree = "<group>"; };
		7038E2D22A7D46900036756C /* MainScene.swift */ = {isa = PBXFileReference; lastKnownFileType = sourcecode.swift; path = MainScene.swift; sourceTree = "<group>"; };
		7053330E2A777B2300925CD9 /* WebMessageHandler.swift */ = {isa = PBXFileReference; lastKnownFileType = sourcecode.swift; path = WebMessageHandler.swift; sourceTree = "<group>"; };
		705333182A777D9700925CD9 /* NotificationCenter+Extension.swift */ = {isa = PBXFileReference; lastKnownFileType = sourcecode.swift; path = "NotificationCenter+Extension.swift"; sourceTree = "<group>"; };
		7053331A2A77805200925CD9 /* WebMessageReceiveType.swift */ = {isa = PBXFileReference; lastKnownFileType = sourcecode.swift; path = WebMessageReceiveType.swift; sourceTree = "<group>"; };
		7070585E2A764B9F00B4F63F /* WebView.swift */ = {isa = PBXFileReference; fileEncoding = 4; lastKnownFileType = sourcecode.swift; path = WebView.swift; sourceTree = "<group>"; };
		707058602A775CAD00B4F63F /* ContentController.swift */ = {isa = PBXFileReference; lastKnownFileType = sourcecode.swift; path = ContentController.swift; sourceTree = "<group>"; };
		7087F96E2A778A9400760EE3 /* ActivityViewController.swift */ = {isa = PBXFileReference; lastKnownFileType = sourcecode.swift; path = ActivityViewController.swift; sourceTree = "<group>"; };
		708F302B2A7A3EEC00152D0E /* AppDelegate.swift */ = {isa = PBXFileReference; lastKnownFileType = sourcecode.swift; path = AppDelegate.swift; sourceTree = "<group>"; };
		708F30302A7A439000152D0E /* GoogleService-Info.plist */ = {isa = PBXFileReference; fileEncoding = 4; lastKnownFileType = text.plist.xml; path = "GoogleService-Info.plist"; sourceTree = "<group>"; };
		70B30AE02A7A4C2A002C380D /* Draw-iOS.entitlements */ = {isa = PBXFileReference; lastKnownFileType = text.plist.entitlements; path = "Draw-iOS.entitlements"; sourceTree = "<group>"; };
		70BF67BA2A75732D00AFB25F /* Debug.xcconfig */ = {isa = PBXFileReference; lastKnownFileType = text.xcconfig; path = Debug.xcconfig; sourceTree = "<group>"; };
		70BF67BB2A75733A00AFB25F /* Release.xcconfig */ = {isa = PBXFileReference; lastKnownFileType = text.xcconfig; path = Release.xcconfig; sourceTree = "<group>"; };
		70BF67BD2A75743000AFB25F /* Bundle+Extension.swift */ = {isa = PBXFileReference; lastKnownFileType = sourcecode.swift; path = "Bundle+Extension.swift"; sourceTree = "<group>"; };
		70BF67BF2A75752900AFB25F /* Info.plist */ = {isa = PBXFileReference; lastKnownFileType = text.plist; path = Info.plist; sourceTree = "<group>"; };
		70BF67C02A75767000AFB25F /* Url+Extension.swift */ = {isa = PBXFileReference; lastKnownFileType = sourcecode.swift; path = "Url+Extension.swift"; sourceTree = "<group>"; };
		70BF67C72A76412300AFB25F /* MainTabView.swift */ = {isa = PBXFileReference; lastKnownFileType = sourcecode.swift; path = MainTabView.swift; sourceTree = "<group>"; };
		70BF67C92A76415000AFB25F /* MainTabStore.swift */ = {isa = PBXFileReference; lastKnownFileType = sourcecode.swift; path = MainTabStore.swift; sourceTree = "<group>"; };
		70BF67CB2A76419900AFB25F /* RootView.swift */ = {isa = PBXFileReference; lastKnownFileType = sourcecode.swift; path = RootView.swift; sourceTree = "<group>"; };
		70BF67CD2A7641A700AFB25F /* RootStore.swift */ = {isa = PBXFileReference; lastKnownFileType = sourcecode.swift; path = RootStore.swift; sourceTree = "<group>"; };
		70BF67D62A76435F00AFB25F /* FeedView.swift */ = {isa = PBXFileReference; lastKnownFileType = sourcecode.swift; path = FeedView.swift; sourceTree = "<group>"; };
		70BF67D82A76436900AFB25F /* MyPageView.swift */ = {isa = PBXFileReference; lastKnownFileType = sourcecode.swift; path = MyPageView.swift; sourceTree = "<group>"; };
		70BF67DA2A76436F00AFB25F /* QuestionView.swift */ = {isa = PBXFileReference; lastKnownFileType = sourcecode.swift; path = QuestionView.swift; sourceTree = "<group>"; };
		70BF67E02A76439A00AFB25F /* QuestionStore.swift */ = {isa = PBXFileReference; lastKnownFileType = sourcecode.swift; path = QuestionStore.swift; sourceTree = "<group>"; };
		70BF67E22A76439E00AFB25F /* FeedStore.swift */ = {isa = PBXFileReference; lastKnownFileType = sourcecode.swift; path = FeedStore.swift; sourceTree = "<group>"; };
		70BF67E42A7643A400AFB25F /* MyPageStore.swift */ = {isa = PBXFileReference; lastKnownFileType = sourcecode.swift; path = MyPageStore.swift; sourceTree = "<group>"; };
/* End PBXFileReference section */

/* Begin PBXFrameworksBuildPhase section */
		7000A8CC2A70C6B800431275 /* Frameworks */ = {
			isa = PBXFrameworksBuildPhase;
			buildActionMask = 2147483647;
			files = (
				708F302F2A7A40C700152D0E /* FirebaseMessaging in Frameworks */,
				70BF67C42A7640A200AFB25F /* ComposableArchitecture in Frameworks */,
			);
			runOnlyForDeploymentPostprocessing = 0;
		};
		7000A8DC2A70C6B900431275 /* Frameworks */ = {
			isa = PBXFrameworksBuildPhase;
			buildActionMask = 2147483647;
			files = (
			);
			runOnlyForDeploymentPostprocessing = 0;
		};
		7000A8E62A70C6B900431275 /* Frameworks */ = {
			isa = PBXFrameworksBuildPhase;
			buildActionMask = 2147483647;
			files = (
			);
			runOnlyForDeploymentPostprocessing = 0;
		};
/* End PBXFrameworksBuildPhase section */

/* Begin PBXGroup section */
		7000A8C62A70C6B800431275 = {
			isa = PBXGroup;
			children = (
				7000A8D12A70C6B800431275 /* Draw-iOS */,
				7000A8E22A70C6B900431275 /* Draw-iOSTests */,
				7000A8EC2A70C6B900431275 /* Draw-iOSUITests */,
				7000A8D02A70C6B800431275 /* Products */,
			);
			sourceTree = "<group>";
		};
		7000A8D02A70C6B800431275 /* Products */ = {
			isa = PBXGroup;
			children = (
				7000A8CF2A70C6B800431275 /* Draw-iOS.app */,
				7000A8DF2A70C6B900431275 /* Draw-iOSTests.xctest */,
				7000A8E92A70C6B900431275 /* Draw-iOSUITests.xctest */,
			);
			name = Products;
			sourceTree = "<group>";
		};
		7000A8D12A70C6B800431275 /* Draw-iOS */ = {
			isa = PBXGroup;
			children = (
				70B30AE02A7A4C2A002C380D /* Draw-iOS.entitlements */,
				70BF67BF2A75752900AFB25F /* Info.plist */,
				708F30302A7A439000152D0E /* GoogleService-Info.plist */,
				70BF67BC2A7573DF00AFB25F /* Config */,
				7000A8FF2A70C80B00431275 /* Application */,
				70BF67C52A76410300AFB25F /* Feature */,
				7000A9052A70C8A600431275 /* Data */,
				7000A9042A70C89600431275 /* Domain */,
				705333132A777C2A00925CD9 /* Core */,
				7000A8FE2A70C7FD00431275 /* Shared */,
				7000A8FC2A70C7C400431275 /* Resources */,
				7000A8D82A70C6B900431275 /* Preview Content */,
			);
			path = "Draw-iOS";
			sourceTree = "<group>";
		};
		7000A8D82A70C6B900431275 /* Preview Content */ = {
			isa = PBXGroup;
			children = (
				7000A8D92A70C6B900431275 /* Preview Assets.xcassets */,
			);
			path = "Preview Content";
			sourceTree = "<group>";
		};
		7000A8E22A70C6B900431275 /* Draw-iOSTests */ = {
			isa = PBXGroup;
			children = (
				7000A8E32A70C6B900431275 /* Draw_iOSTests.swift */,
			);
			path = "Draw-iOSTests";
			sourceTree = "<group>";
		};
		7000A8EC2A70C6B900431275 /* Draw-iOSUITests */ = {
			isa = PBXGroup;
			children = (
				7000A8ED2A70C6B900431275 /* Draw_iOSUITests.swift */,
				7000A8EF2A70C6B900431275 /* Draw_iOSUITestsLaunchTests.swift */,
			);
			path = "Draw-iOSUITests";
			sourceTree = "<group>";
		};
		7000A8FC2A70C7C400431275 /* Resources */ = {
			isa = PBXGroup;
			children = (
				7000A8D62A70C6B900431275 /* Assets.xcassets */,
			);
			path = Resources;
			sourceTree = "<group>";
		};
		7000A8FE2A70C7FD00431275 /* Shared */ = {
			isa = PBXGroup;
			children = (
				705333102A777BD800925CD9 /* Extension */,
			);
			path = Shared;
			sourceTree = "<group>";
		};
		7000A8FF2A70C80B00431275 /* Application */ = {
			isa = PBXGroup;
			children = (
				7000A8D22A70C6B800431275 /* RootApp.swift */,
				70BF67CB2A76419900AFB25F /* RootView.swift */,
				70BF67CD2A7641A700AFB25F /* RootStore.swift */,
				708F302B2A7A3EEC00152D0E /* AppDelegate.swift */,
			);
			path = Application;
			sourceTree = "<group>";
		};
		7000A9042A70C89600431275 /* Domain */ = {
			isa = PBXGroup;
			children = (
				7038E2D12A7D46850036756C /* Tab */,
				705333142A777C3400925CD9 /* Web */,
			);
			path = Domain;
			sourceTree = "<group>";
		};
		7000A9052A70C8A600431275 /* Data */ = {
			isa = PBXGroup;
			children = (
			);
			path = Data;
			sourceTree = "<group>";
		};
		7038E2D12A7D46850036756C /* Tab */ = {
			isa = PBXGroup;
			children = (
				7038E2D22A7D46900036756C /* MainScene.swift */,
			);
			path = Tab;
			sourceTree = "<group>";
		};
		705333102A777BD800925CD9 /* Extension */ = {
			isa = PBXGroup;
			children = (
				70BF67BD2A75743000AFB25F /* Bundle+Extension.swift */,
				70BF67C02A75767000AFB25F /* Url+Extension.swift */,
			);
			path = Extension;
			sourceTree = "<group>";
		};
		705333132A777C2A00925CD9 /* Core */ = {
			isa = PBXGroup;
			children = (
				7087F96D2A778A7200760EE3 /* UIKit */,
				705333172A777C8F00925CD9 /* NotificationCenter */,
			);
			path = Core;
			sourceTree = "<group>";
		};
		705333142A777C3400925CD9 /* Web */ = {
			isa = PBXGroup;
			children = (
				7038E2CF2A7D44690036756C /* WebPathType.swift */,
				7053331A2A77805200925CD9 /* WebMessageReceiveType.swift */,
				7038E2CD2A7D3C9B0036756C /* WebMessageSendType.swift */,
				7053330E2A777B2300925CD9 /* WebMessageHandler.swift */,
				7070585E2A764B9F00B4F63F /* WebView.swift */,
			);
			path = Web;
			sourceTree = "<group>";
		};
		705333172A777C8F00925CD9 /* NotificationCenter */ = {
			isa = PBXGroup;
			children = (
				705333182A777D9700925CD9 /* NotificationCenter+Extension.swift */,
			);
			path = NotificationCenter;
			sourceTree = "<group>";
		};
		7087F96D2A778A7200760EE3 /* UIKit */ = {
			isa = PBXGroup;
			children = (
				7087F96E2A778A9400760EE3 /* ActivityViewController.swift */,
			);
			path = UIKit;
			sourceTree = "<group>";
		};
		70BF67BC2A7573DF00AFB25F /* Config */ = {
			isa = PBXGroup;
			children = (
				70BF67BA2A75732D00AFB25F /* Debug.xcconfig */,
				70BF67BB2A75733A00AFB25F /* Release.xcconfig */,
			);
			path = Config;
			sourceTree = "<group>";
		};
		70BF67C52A76410300AFB25F /* Feature */ = {
			isa = PBXGroup;
			children = (
				70BF67C62A76411A00AFB25F /* MainTab */,
				70BF67D12A76434400AFB25F /* MyPage */,
				70BF67CF2A76433C00AFB25F /* Feed */,
				70BF67D02A76434100AFB25F /* Question */,
				707058602A775CAD00B4F63F /* ContentController.swift */,
			);
			path = Feature;
			sourceTree = "<group>";
		};
		70BF67C62A76411A00AFB25F /* MainTab */ = {
			isa = PBXGroup;
			children = (
				70BF67C72A76412300AFB25F /* MainTabView.swift */,
				70BF67C92A76415000AFB25F /* MainTabStore.swift */,
			);
			path = MainTab;
			sourceTree = "<group>";
		};
		70BF67CF2A76433C00AFB25F /* Feed */ = {
			isa = PBXGroup;
			children = (
				70BF67D62A76435F00AFB25F /* FeedView.swift */,
				70BF67E22A76439E00AFB25F /* FeedStore.swift */,
			);
			path = Feed;
			sourceTree = "<group>";
		};
		70BF67D02A76434100AFB25F /* Question */ = {
			isa = PBXGroup;
			children = (
				70BF67DA2A76436F00AFB25F /* QuestionView.swift */,
				70BF67E02A76439A00AFB25F /* QuestionStore.swift */,
			);
			path = Question;
			sourceTree = "<group>";
		};
		70BF67D12A76434400AFB25F /* MyPage */ = {
			isa = PBXGroup;
			children = (
				70BF67D82A76436900AFB25F /* MyPageView.swift */,
				70BF67E42A7643A400AFB25F /* MyPageStore.swift */,
			);
			path = MyPage;
			sourceTree = "<group>";
		};
/* End PBXGroup section */

/* Begin PBXNativeTarget section */
		7000A8CE2A70C6B800431275 /* Draw-iOS */ = {
			isa = PBXNativeTarget;
			buildConfigurationList = 7000A8F32A70C6B900431275 /* Build configuration list for PBXNativeTarget "Draw-iOS" */;
			buildPhases = (
				7000A8CB2A70C6B800431275 /* Sources */,
				7000A8CC2A70C6B800431275 /* Frameworks */,
				7000A8CD2A70C6B800431275 /* Resources */,
			);
			buildRules = (
			);
			dependencies = (
			);
			name = "Draw-iOS";
			packageProductDependencies = (
				70BF67C32A7640A200AFB25F /* ComposableArchitecture */,
				708F302E2A7A40C700152D0E /* FirebaseMessaging */,
			);
			productName = "Draw-iOS";
			productReference = 7000A8CF2A70C6B800431275 /* Draw-iOS.app */;
			productType = "com.apple.product-type.application";
		};
		7000A8DE2A70C6B900431275 /* Draw-iOSTests */ = {
			isa = PBXNativeTarget;
			buildConfigurationList = 7000A8F62A70C6B900431275 /* Build configuration list for PBXNativeTarget "Draw-iOSTests" */;
			buildPhases = (
				7000A8DB2A70C6B900431275 /* Sources */,
				7000A8DC2A70C6B900431275 /* Frameworks */,
				7000A8DD2A70C6B900431275 /* Resources */,
			);
			buildRules = (
			);
			dependencies = (
				7000A8E12A70C6B900431275 /* PBXTargetDependency */,
			);
			name = "Draw-iOSTests";
			productName = "Draw-iOSTests";
			productReference = 7000A8DF2A70C6B900431275 /* Draw-iOSTests.xctest */;
			productType = "com.apple.product-type.bundle.unit-test";
		};
		7000A8E82A70C6B900431275 /* Draw-iOSUITests */ = {
			isa = PBXNativeTarget;
			buildConfigurationList = 7000A8F92A70C6B900431275 /* Build configuration list for PBXNativeTarget "Draw-iOSUITests" */;
			buildPhases = (
				7000A8E52A70C6B900431275 /* Sources */,
				7000A8E62A70C6B900431275 /* Frameworks */,
				7000A8E72A70C6B900431275 /* Resources */,
			);
			buildRules = (
			);
			dependencies = (
				7000A8EB2A70C6B900431275 /* PBXTargetDependency */,
			);
			name = "Draw-iOSUITests";
			productName = "Draw-iOSUITests";
			productReference = 7000A8E92A70C6B900431275 /* Draw-iOSUITests.xctest */;
			productType = "com.apple.product-type.bundle.ui-testing";
		};
/* End PBXNativeTarget section */

/* Begin PBXProject section */
		7000A8C72A70C6B800431275 /* Project object */ = {
			isa = PBXProject;
			attributes = {
				BuildIndependentTargetsInParallel = 1;
				LastSwiftUpdateCheck = 1430;
				LastUpgradeCheck = 1430;
				TargetAttributes = {
					7000A8CE2A70C6B800431275 = {
						CreatedOnToolsVersion = 14.3.1;
					};
					7000A8DE2A70C6B900431275 = {
						CreatedOnToolsVersion = 14.3.1;
						TestTargetID = 7000A8CE2A70C6B800431275;
					};
					7000A8E82A70C6B900431275 = {
						CreatedOnToolsVersion = 14.3.1;
						TestTargetID = 7000A8CE2A70C6B800431275;
					};
				};
			};
			buildConfigurationList = 7000A8CA2A70C6B800431275 /* Build configuration list for PBXProject "Draw-iOS" */;
			compatibilityVersion = "Xcode 14.0";
			developmentRegion = en;
			hasScannedForEncodings = 0;
			knownRegions = (
				en,
				Base,
			);
			mainGroup = 7000A8C62A70C6B800431275;
			packageReferences = (
				70BF67C22A7640A200AFB25F /* XCRemoteSwiftPackageReference "swift-composable-architecture" */,
				708F302D2A7A40C700152D0E /* XCRemoteSwiftPackageReference "firebase-ios-sdk" */,
			);
			productRefGroup = 7000A8D02A70C6B800431275 /* Products */;
			projectDirPath = "";
			projectRoot = "";
			targets = (
				7000A8CE2A70C6B800431275 /* Draw-iOS */,
				7000A8DE2A70C6B900431275 /* Draw-iOSTests */,
				7000A8E82A70C6B900431275 /* Draw-iOSUITests */,
			);
		};
/* End PBXProject section */

/* Begin PBXResourcesBuildPhase section */
		7000A8CD2A70C6B800431275 /* Resources */ = {
			isa = PBXResourcesBuildPhase;
			buildActionMask = 2147483647;
			files = (
				7000A8DA2A70C6B900431275 /* Preview Assets.xcassets in Resources */,
				7000A8D72A70C6B900431275 /* Assets.xcassets in Resources */,
				708F30312A7A439000152D0E /* GoogleService-Info.plist in Resources */,
			);
			runOnlyForDeploymentPostprocessing = 0;
		};
		7000A8DD2A70C6B900431275 /* Resources */ = {
			isa = PBXResourcesBuildPhase;
			buildActionMask = 2147483647;
			files = (
			);
			runOnlyForDeploymentPostprocessing = 0;
		};
		7000A8E72A70C6B900431275 /* Resources */ = {
			isa = PBXResourcesBuildPhase;
			buildActionMask = 2147483647;
			files = (
			);
			runOnlyForDeploymentPostprocessing = 0;
		};
/* End PBXResourcesBuildPhase section */

/* Begin PBXSourcesBuildPhase section */
		7000A8CB2A70C6B800431275 /* Sources */ = {
			isa = PBXSourcesBuildPhase;
			buildActionMask = 2147483647;
			files = (
				70BF67CA2A76415000AFB25F /* MainTabStore.swift in Sources */,
				70BF67CE2A7641A700AFB25F /* RootStore.swift in Sources */,
				70BF67D92A76436900AFB25F /* MyPageView.swift in Sources */,
				705333192A777D9700925CD9 /* NotificationCenter+Extension.swift in Sources */,
				7053330F2A777B2300925CD9 /* WebMessageHandler.swift in Sources */,
				70BF67BE2A75743000AFB25F /* Bundle+Extension.swift in Sources */,
				70BF67C12A75767000AFB25F /* Url+Extension.swift in Sources */,
				70BF67D72A76435F00AFB25F /* FeedView.swift in Sources */,
				708F302C2A7A3EEC00152D0E /* AppDelegate.swift in Sources */,
				70BF67CC2A76419900AFB25F /* RootView.swift in Sources */,
				70BF67DB2A76436F00AFB25F /* QuestionView.swift in Sources */,
				70BF67E12A76439A00AFB25F /* QuestionStore.swift in Sources */,
				70BF67E52A7643A400AFB25F /* MyPageStore.swift in Sources */,
				7000A8D32A70C6B800431275 /* RootApp.swift in Sources */,
				70BF67C82A76412300AFB25F /* MainTabView.swift in Sources */,
				7053331B2A77805200925CD9 /* WebMessageReceiveType.swift in Sources */,
				7038E2D02A7D44690036756C /* WebPathType.swift in Sources */,
				7038E2CE2A7D3C9B0036756C /* WebMessageSendType.swift in Sources */,
				70BF67E32A76439E00AFB25F /* FeedStore.swift in Sources */,
				7087F96F2A778A9400760EE3 /* ActivityViewController.swift in Sources */,
				707058612A775CAD00B4F63F /* ContentController.swift in Sources */,
				7038E2D32A7D46900036756C /* MainScene.swift in Sources */,
				7070585F2A764B9F00B4F63F /* WebView.swift in Sources */,
			);
			runOnlyForDeploymentPostprocessing = 0;
		};
		7000A8DB2A70C6B900431275 /* Sources */ = {
			isa = PBXSourcesBuildPhase;
			buildActionMask = 2147483647;
			files = (
				7000A8E42A70C6B900431275 /* Draw_iOSTests.swift in Sources */,
			);
			runOnlyForDeploymentPostprocessing = 0;
		};
		7000A8E52A70C6B900431275 /* Sources */ = {
			isa = PBXSourcesBuildPhase;
			buildActionMask = 2147483647;
			files = (
				7000A8F02A70C6B900431275 /* Draw_iOSUITestsLaunchTests.swift in Sources */,
				7000A8EE2A70C6B900431275 /* Draw_iOSUITests.swift in Sources */,
			);
			runOnlyForDeploymentPostprocessing = 0;
		};
/* End PBXSourcesBuildPhase section */

/* Begin PBXTargetDependency section */
		7000A8E12A70C6B900431275 /* PBXTargetDependency */ = {
			isa = PBXTargetDependency;
			target = 7000A8CE2A70C6B800431275 /* Draw-iOS */;
			targetProxy = 7000A8E02A70C6B900431275 /* PBXContainerItemProxy */;
		};
		7000A8EB2A70C6B900431275 /* PBXTargetDependency */ = {
			isa = PBXTargetDependency;
			target = 7000A8CE2A70C6B800431275 /* Draw-iOS */;
			targetProxy = 7000A8EA2A70C6B900431275 /* PBXContainerItemProxy */;
		};
/* End PBXTargetDependency section */

/* Begin XCBuildConfiguration section */
		7000A8F12A70C6B900431275 /* Debug */ = {
			isa = XCBuildConfiguration;
			baseConfigurationReference = 70BF67BA2A75732D00AFB25F /* Debug.xcconfig */;
			buildSettings = {
				ALWAYS_SEARCH_USER_PATHS = NO;
				CLANG_ANALYZER_NONNULL = YES;
				CLANG_ANALYZER_NUMBER_OBJECT_CONVERSION = YES_AGGRESSIVE;
				CLANG_CXX_LANGUAGE_STANDARD = "gnu++20";
				CLANG_ENABLE_MODULES = YES;
				CLANG_ENABLE_OBJC_ARC = YES;
				CLANG_ENABLE_OBJC_WEAK = YES;
				CLANG_WARN_BLOCK_CAPTURE_AUTORELEASING = YES;
				CLANG_WARN_BOOL_CONVERSION = YES;
				CLANG_WARN_COMMA = YES;
				CLANG_WARN_CONSTANT_CONVERSION = YES;
				CLANG_WARN_DEPRECATED_OBJC_IMPLEMENTATIONS = YES;
				CLANG_WARN_DIRECT_OBJC_ISA_USAGE = YES_ERROR;
				CLANG_WARN_DOCUMENTATION_COMMENTS = YES;
				CLANG_WARN_EMPTY_BODY = YES;
				CLANG_WARN_ENUM_CONVERSION = YES;
				CLANG_WARN_INFINITE_RECURSION = YES;
				CLANG_WARN_INT_CONVERSION = YES;
				CLANG_WARN_NON_LITERAL_NULL_CONVERSION = YES;
				CLANG_WARN_OBJC_IMPLICIT_RETAIN_SELF = YES;
				CLANG_WARN_OBJC_LITERAL_CONVERSION = YES;
				CLANG_WARN_OBJC_ROOT_CLASS = YES_ERROR;
				CLANG_WARN_QUOTED_INCLUDE_IN_FRAMEWORK_HEADER = YES;
				CLANG_WARN_RANGE_LOOP_ANALYSIS = YES;
				CLANG_WARN_STRICT_PROTOTYPES = YES;
				CLANG_WARN_SUSPICIOUS_MOVE = YES;
				CLANG_WARN_UNGUARDED_AVAILABILITY = YES_AGGRESSIVE;
				CLANG_WARN_UNREACHABLE_CODE = YES;
				CLANG_WARN__DUPLICATE_METHOD_MATCH = YES;
				COPY_PHASE_STRIP = NO;
				DEBUG_INFORMATION_FORMAT = dwarf;
				ENABLE_STRICT_OBJC_MSGSEND = YES;
				ENABLE_TESTABILITY = YES;
				GCC_C_LANGUAGE_STANDARD = gnu11;
				GCC_DYNAMIC_NO_PIC = NO;
				GCC_NO_COMMON_BLOCKS = YES;
				GCC_OPTIMIZATION_LEVEL = 0;
				GCC_PREPROCESSOR_DEFINITIONS = (
					"DEBUG=1",
					"$(inherited)",
				);
				GCC_WARN_64_TO_32_BIT_CONVERSION = YES;
				GCC_WARN_ABOUT_RETURN_TYPE = YES_ERROR;
				GCC_WARN_UNDECLARED_SELECTOR = YES;
				GCC_WARN_UNINITIALIZED_AUTOS = YES_AGGRESSIVE;
				GCC_WARN_UNUSED_FUNCTION = YES;
				GCC_WARN_UNUSED_VARIABLE = YES;
				IPHONEOS_DEPLOYMENT_TARGET = 15.0;
				MTL_ENABLE_DEBUG_INFO = INCLUDE_SOURCE;
				MTL_FAST_MATH = YES;
				ONLY_ACTIVE_ARCH = YES;
				SDKROOT = iphoneos;
				SWIFT_ACTIVE_COMPILATION_CONDITIONS = DEBUG;
				SWIFT_OPTIMIZATION_LEVEL = "-Onone";
			};
			name = Debug;
		};
		7000A8F22A70C6B900431275 /* Release */ = {
			isa = XCBuildConfiguration;
			baseConfigurationReference = 70BF67BB2A75733A00AFB25F /* Release.xcconfig */;
			buildSettings = {
				ALWAYS_SEARCH_USER_PATHS = NO;
				CLANG_ANALYZER_NONNULL = YES;
				CLANG_ANALYZER_NUMBER_OBJECT_CONVERSION = YES_AGGRESSIVE;
				CLANG_CXX_LANGUAGE_STANDARD = "gnu++20";
				CLANG_ENABLE_MODULES = YES;
				CLANG_ENABLE_OBJC_ARC = YES;
				CLANG_ENABLE_OBJC_WEAK = YES;
				CLANG_WARN_BLOCK_CAPTURE_AUTORELEASING = YES;
				CLANG_WARN_BOOL_CONVERSION = YES;
				CLANG_WARN_COMMA = YES;
				CLANG_WARN_CONSTANT_CONVERSION = YES;
				CLANG_WARN_DEPRECATED_OBJC_IMPLEMENTATIONS = YES;
				CLANG_WARN_DIRECT_OBJC_ISA_USAGE = YES_ERROR;
				CLANG_WARN_DOCUMENTATION_COMMENTS = YES;
				CLANG_WARN_EMPTY_BODY = YES;
				CLANG_WARN_ENUM_CONVERSION = YES;
				CLANG_WARN_INFINITE_RECURSION = YES;
				CLANG_WARN_INT_CONVERSION = YES;
				CLANG_WARN_NON_LITERAL_NULL_CONVERSION = YES;
				CLANG_WARN_OBJC_IMPLICIT_RETAIN_SELF = YES;
				CLANG_WARN_OBJC_LITERAL_CONVERSION = YES;
				CLANG_WARN_OBJC_ROOT_CLASS = YES_ERROR;
				CLANG_WARN_QUOTED_INCLUDE_IN_FRAMEWORK_HEADER = YES;
				CLANG_WARN_RANGE_LOOP_ANALYSIS = YES;
				CLANG_WARN_STRICT_PROTOTYPES = YES;
				CLANG_WARN_SUSPICIOUS_MOVE = YES;
				CLANG_WARN_UNGUARDED_AVAILABILITY = YES_AGGRESSIVE;
				CLANG_WARN_UNREACHABLE_CODE = YES;
				CLANG_WARN__DUPLICATE_METHOD_MATCH = YES;
				COPY_PHASE_STRIP = NO;
				DEBUG_INFORMATION_FORMAT = "dwarf-with-dsym";
				ENABLE_NS_ASSERTIONS = NO;
				ENABLE_STRICT_OBJC_MSGSEND = YES;
				GCC_C_LANGUAGE_STANDARD = gnu11;
				GCC_NO_COMMON_BLOCKS = YES;
				GCC_WARN_64_TO_32_BIT_CONVERSION = YES;
				GCC_WARN_ABOUT_RETURN_TYPE = YES_ERROR;
				GCC_WARN_UNDECLARED_SELECTOR = YES;
				GCC_WARN_UNINITIALIZED_AUTOS = YES_AGGRESSIVE;
				GCC_WARN_UNUSED_FUNCTION = YES;
				GCC_WARN_UNUSED_VARIABLE = YES;
				IPHONEOS_DEPLOYMENT_TARGET = 15.0;
				MTL_ENABLE_DEBUG_INFO = NO;
				MTL_FAST_MATH = YES;
				SDKROOT = iphoneos;
				SWIFT_COMPILATION_MODE = wholemodule;
				SWIFT_OPTIMIZATION_LEVEL = "-O";
				VALIDATE_PRODUCT = YES;
			};
			name = Release;
		};
		7000A8F42A70C6B900431275 /* Debug */ = {
			isa = XCBuildConfiguration;
			baseConfigurationReference = 70BF67BA2A75732D00AFB25F /* Debug.xcconfig */;
			buildSettings = {
				ASSETCATALOG_COMPILER_APPICON_NAME = AppIcon;
				ASSETCATALOG_COMPILER_GLOBAL_ACCENT_COLOR_NAME = AccentColor;
				CODE_SIGN_ENTITLEMENTS = "Draw-iOS/Draw-iOS.entitlements";
				CODE_SIGN_STYLE = Automatic;
				CURRENT_PROJECT_VERSION = 1;
				DEVELOPMENT_ASSET_PATHS = "\"Draw-iOS/Preview Content\"";
				DEVELOPMENT_TEAM = X64MATB2CC;
				ENABLE_PREVIEWS = YES;
				GENERATE_INFOPLIST_FILE = YES;
				INFOPLIST_FILE = "Draw-iOS/Info.plist";
				INFOPLIST_KEY_UIApplicationSceneManifest_Generation = YES;
				INFOPLIST_KEY_UIApplicationSupportsIndirectInputEvents = YES;
				INFOPLIST_KEY_UILaunchScreen_Generation = YES;
				INFOPLIST_KEY_UISupportedInterfaceOrientations_iPad = "UIInterfaceOrientationPortrait UIInterfaceOrientationPortraitUpsideDown UIInterfaceOrientationLandscapeLeft UIInterfaceOrientationLandscapeRight";
				INFOPLIST_KEY_UISupportedInterfaceOrientations_iPhone = "UIInterfaceOrientationPortrait UIInterfaceOrientationLandscapeLeft UIInterfaceOrientationLandscapeRight";
				IPHONEOS_DEPLOYMENT_TARGET = 15.0;
				LD_RUNPATH_SEARCH_PATHS = (
					"$(inherited)",
					"@executable_path/Frameworks",
				);
				MARKETING_VERSION = 1.0;
				PRODUCT_BUNDLE_IDENTIFIER = com.nexters.drawyourcard;
				PRODUCT_NAME = "$(TARGET_NAME)";
				SUPPORTED_PLATFORMS = "iphoneos iphonesimulator";
				SUPPORTS_MACCATALYST = NO;
				SUPPORTS_MAC_DESIGNED_FOR_IPHONE_IPAD = NO;
				SWIFT_EMIT_LOC_STRINGS = YES;
				SWIFT_VERSION = 5.0;
				TARGETED_DEVICE_FAMILY = 1;
			};
			name = Debug;
		};
		7000A8F52A70C6B900431275 /* Release */ = {
			isa = XCBuildConfiguration;
			baseConfigurationReference = 70BF67BB2A75733A00AFB25F /* Release.xcconfig */;
			buildSettings = {
				ASSETCATALOG_COMPILER_APPICON_NAME = AppIcon;
				ASSETCATALOG_COMPILER_GLOBAL_ACCENT_COLOR_NAME = AccentColor;
				CODE_SIGN_ENTITLEMENTS = "Draw-iOS/Draw-iOS.entitlements";
				CODE_SIGN_STYLE = Automatic;
				CURRENT_PROJECT_VERSION = 1;
				DEVELOPMENT_ASSET_PATHS = "\"Draw-iOS/Preview Content\"";
				DEVELOPMENT_TEAM = X64MATB2CC;
				ENABLE_PREVIEWS = YES;
				GENERATE_INFOPLIST_FILE = YES;
				INFOPLIST_FILE = "Draw-iOS/Info.plist";
				INFOPLIST_KEY_UIApplicationSceneManifest_Generation = YES;
				INFOPLIST_KEY_UIApplicationSupportsIndirectInputEvents = YES;
				INFOPLIST_KEY_UILaunchScreen_Generation = YES;
				INFOPLIST_KEY_UISupportedInterfaceOrientations_iPad = "UIInterfaceOrientationPortrait UIInterfaceOrientationPortraitUpsideDown UIInterfaceOrientationLandscapeLeft UIInterfaceOrientationLandscapeRight";
				INFOPLIST_KEY_UISupportedInterfaceOrientations_iPhone = "UIInterfaceOrientationPortrait UIInterfaceOrientationLandscapeLeft UIInterfaceOrientationLandscapeRight";
				IPHONEOS_DEPLOYMENT_TARGET = 15.0;
				LD_RUNPATH_SEARCH_PATHS = (
					"$(inherited)",
					"@executable_path/Frameworks",
				);
				MARKETING_VERSION = 1.0;
				PRODUCT_BUNDLE_IDENTIFIER = com.nexters.drawyourcard;
				PRODUCT_NAME = "$(TARGET_NAME)";
				SUPPORTED_PLATFORMS = "iphoneos iphonesimulator";
				SUPPORTS_MACCATALYST = NO;
				SUPPORTS_MAC_DESIGNED_FOR_IPHONE_IPAD = NO;
				SWIFT_EMIT_LOC_STRINGS = YES;
				SWIFT_VERSION = 5.0;
				TARGETED_DEVICE_FAMILY = 1;
			};
			name = Release;
		};
		7000A8F72A70C6B900431275 /* Debug */ = {
			isa = XCBuildConfiguration;
			baseConfigurationReference = 70BF67BA2A75732D00AFB25F /* Debug.xcconfig */;
			buildSettings = {
				ALWAYS_EMBED_SWIFT_STANDARD_LIBRARIES = YES;
				BUNDLE_LOADER = "$(TEST_HOST)";
				CODE_SIGN_STYLE = Automatic;
				CURRENT_PROJECT_VERSION = 1;
				DEVELOPMENT_TEAM = X64MATB2CC;
				GENERATE_INFOPLIST_FILE = YES;
				IPHONEOS_DEPLOYMENT_TARGET = 15.0;
				MARKETING_VERSION = 1.0;
				PRODUCT_BUNDLE_IDENTIFIER = com.nexters.drawyourcardTests;
				PRODUCT_NAME = "$(TARGET_NAME)";
				SWIFT_EMIT_LOC_STRINGS = NO;
				SWIFT_VERSION = 5.0;
				TARGETED_DEVICE_FAMILY = "1,2";
				TEST_HOST = "$(BUILT_PRODUCTS_DIR)/Draw-iOS.app/$(BUNDLE_EXECUTABLE_FOLDER_PATH)/Draw-iOS";
			};
			name = Debug;
		};
		7000A8F82A70C6B900431275 /* Release */ = {
			isa = XCBuildConfiguration;
			baseConfigurationReference = 70BF67BB2A75733A00AFB25F /* Release.xcconfig */;
			buildSettings = {
				ALWAYS_EMBED_SWIFT_STANDARD_LIBRARIES = YES;
				BUNDLE_LOADER = "$(TEST_HOST)";
				CODE_SIGN_STYLE = Automatic;
				CURRENT_PROJECT_VERSION = 1;
				DEVELOPMENT_TEAM = X64MATB2CC;
				GENERATE_INFOPLIST_FILE = YES;
				IPHONEOS_DEPLOYMENT_TARGET = 15.0;
				MARKETING_VERSION = 1.0;
				PRODUCT_BUNDLE_IDENTIFIER = com.nexters.drawyourcardTests;
				PRODUCT_NAME = "$(TARGET_NAME)";
				SWIFT_EMIT_LOC_STRINGS = NO;
				SWIFT_VERSION = 5.0;
				TARGETED_DEVICE_FAMILY = "1,2";
				TEST_HOST = "$(BUILT_PRODUCTS_DIR)/Draw-iOS.app/$(BUNDLE_EXECUTABLE_FOLDER_PATH)/Draw-iOS";
			};
			name = Release;
		};
		7000A8FA2A70C6B900431275 /* Debug */ = {
			isa = XCBuildConfiguration;
			baseConfigurationReference = 70BF67BA2A75732D00AFB25F /* Debug.xcconfig */;
			buildSettings = {
				ALWAYS_EMBED_SWIFT_STANDARD_LIBRARIES = YES;
				CODE_SIGN_STYLE = Automatic;
				CURRENT_PROJECT_VERSION = 1;
				DEVELOPMENT_TEAM = X64MATB2CC;
				GENERATE_INFOPLIST_FILE = YES;
				MARKETING_VERSION = 1.0;
				PRODUCT_BUNDLE_IDENTIFIER = com.nexters.drawyourcardUITests;
				PRODUCT_NAME = "$(TARGET_NAME)";
				SWIFT_EMIT_LOC_STRINGS = NO;
				SWIFT_VERSION = 5.0;
				TARGETED_DEVICE_FAMILY = "1,2";
				TEST_TARGET_NAME = "Draw-iOS";
			};
			name = Debug;
		};
		7000A8FB2A70C6B900431275 /* Release */ = {
			isa = XCBuildConfiguration;
			baseConfigurationReference = 70BF67BB2A75733A00AFB25F /* Release.xcconfig */;
			buildSettings = {
				ALWAYS_EMBED_SWIFT_STANDARD_LIBRARIES = YES;
				CODE_SIGN_STYLE = Automatic;
				CURRENT_PROJECT_VERSION = 1;
				DEVELOPMENT_TEAM = X64MATB2CC;
				GENERATE_INFOPLIST_FILE = YES;
				MARKETING_VERSION = 1.0;
				PRODUCT_BUNDLE_IDENTIFIER = com.nexters.drawyourcardUITests;
				PRODUCT_NAME = "$(TARGET_NAME)";
				SWIFT_EMIT_LOC_STRINGS = NO;
				SWIFT_VERSION = 5.0;
				TARGETED_DEVICE_FAMILY = "1,2";
				TEST_TARGET_NAME = "Draw-iOS";
			};
			name = Release;
		};
/* End XCBuildConfiguration section */

/* Begin XCConfigurationList section */
		7000A8CA2A70C6B800431275 /* Build configuration list for PBXProject "Draw-iOS" */ = {
			isa = XCConfigurationList;
			buildConfigurations = (
				7000A8F12A70C6B900431275 /* Debug */,
				7000A8F22A70C6B900431275 /* Release */,
			);
			defaultConfigurationIsVisible = 0;
			defaultConfigurationName = Release;
		};
		7000A8F32A70C6B900431275 /* Build configuration list for PBXNativeTarget "Draw-iOS" */ = {
			isa = XCConfigurationList;
			buildConfigurations = (
				7000A8F42A70C6B900431275 /* Debug */,
				7000A8F52A70C6B900431275 /* Release */,
			);
			defaultConfigurationIsVisible = 0;
			defaultConfigurationName = Release;
		};
		7000A8F62A70C6B900431275 /* Build configuration list for PBXNativeTarget "Draw-iOSTests" */ = {
			isa = XCConfigurationList;
			buildConfigurations = (
				7000A8F72A70C6B900431275 /* Debug */,
				7000A8F82A70C6B900431275 /* Release */,
			);
			defaultConfigurationIsVisible = 0;
			defaultConfigurationName = Release;
		};
		7000A8F92A70C6B900431275 /* Build configuration list for PBXNativeTarget "Draw-iOSUITests" */ = {
			isa = XCConfigurationList;
			buildConfigurations = (
				7000A8FA2A70C6B900431275 /* Debug */,
				7000A8FB2A70C6B900431275 /* Release */,
			);
			defaultConfigurationIsVisible = 0;
			defaultConfigurationName = Release;
		};
/* End XCConfigurationList section */

/* Begin XCRemoteSwiftPackageReference section */
		708F302D2A7A40C700152D0E /* XCRemoteSwiftPackageReference "firebase-ios-sdk" */ = {
			isa = XCRemoteSwiftPackageReference;
			repositoryURL = "https://github.com/firebase/firebase-ios-sdk";
			requirement = {
				kind = upToNextMajorVersion;
				minimumVersion = 10.0.0;
			};
		};
		70BF67C22A7640A200AFB25F /* XCRemoteSwiftPackageReference "swift-composable-architecture" */ = {
			isa = XCRemoteSwiftPackageReference;
			repositoryURL = "https://github.com/pointfreeco/swift-composable-architecture";
			requirement = {
				kind = upToNextMajorVersion;
				minimumVersion = 0.57.0;
			};
		};
/* End XCRemoteSwiftPackageReference section */

/* Begin XCSwiftPackageProductDependency section */
		708F302E2A7A40C700152D0E /* FirebaseMessaging */ = {
			isa = XCSwiftPackageProductDependency;
			package = 708F302D2A7A40C700152D0E /* XCRemoteSwiftPackageReference "firebase-ios-sdk" */;
			productName = FirebaseMessaging;
		};
		70BF67C32A7640A200AFB25F /* ComposableArchitecture */ = {
			isa = XCSwiftPackageProductDependency;
			package = 70BF67C22A7640A200AFB25F /* XCRemoteSwiftPackageReference "swift-composable-architecture" */;
			productName = ComposableArchitecture;
		};
/* End XCSwiftPackageProductDependency section */
	};
	rootObject = 7000A8C72A70C6B800431275 /* Project object */;
}
